Microsoft Visual Studio Solution File, Format Version 12.00
# Visual Studio 14
Project("{2150E333-8FDC-42A3-9474-1A3956D46DE8}") = "CMakePredefinedTargets", "CMakePredefinedTargets", "{CAAF40F5-B911-3C27-8001-C18932D3C0ED}"
EndProject
Project("{2150E333-8FDC-42A3-9474-1A3956D46DE8}") = "GLFW3", "GLFW3", "{B903D014-88DC-3CF6-BF29-D88B979F3604}"
EndProject
Project("{2150E333-8FDC-42A3-9474-1A3956D46DE8}") = "Examples", "GLFW3\Examples", "{E3431C86-DA77-3B93-ACCB-748A25339683}"
EndProject
Project("{2150E333-8FDC-42A3-9474-1A3956D46DE8}") = "Tests", "GLFW3\Tests", "{3B061305-D842-372B-99DF-499E1310CFD1}"
EndProject
Project("{8BC9CEB8-8B4A-11D0-8D11-00A0C91BC942}") = "ALL_BUILD", "ALL_BUILD.vcxproj", "{0952F72F-FCB5-3549-99AE-3838DC0AB803}"
	ProjectSection(ProjectDependencies) = postProject
		{85FEC405-093E-376D-AB93-1ECB9161B123} = {85FEC405-093E-376D-AB93-1ECB9161B123}
		{20CFB17C-1022-35DF-849C-CD8492C13559} = {20CFB17C-1022-35DF-849C-CD8492C13559}
		{883E7541-867A-3641-B771-1E09A3C21BAA} = {883E7541-867A-3641-B771-1E09A3C21BAA}
		{4EE956F0-D880-3284-B4D6-38032CE7DC24} = {4EE956F0-D880-3284-B4D6-38032CE7DC24}
		{D5EAED08-D934-3D33-B0A3-8CE65D4E9F8D} = {D5EAED08-D934-3D33-B0A3-8CE65D4E9F8D}
		{CE64B83E-DFEA-31C9-8026-2AC26620EED9} = {CE64B83E-DFEA-31C9-8026-2AC26620EED9}
		{B85C86CC-C5BA-346B-8C38-79F18C0A3D46} = {B85C86CC-C5BA-346B-8C38-79F18C0A3D46}
		{058736D5-D98F-3C4F-8FDD-4FDD30B3BB07} = {058736D5-D98F-3C4F-8FDD-4FDD30B3BB07}
		{8A76ACC4-3258-30CC-A31E-91CF58396126} = {8A76ACC4-3258-30CC-A31E-91CF58396126}
		{97C7A63E-B8AD-3E59-8BF1-78CAF13737C6} = {97C7A63E-B8AD-3E59-8BF1-78CAF13737C6}
		{205A09C6-C560-30D3-AAA7-80E64A0B2BDF} = {205A09C6-C560-30D3-AAA7-80E64A0B2BDF}
		{78F414FF-D6F5-3355-B194-A34B0BDCB63F} = {78F414FF-D6F5-3355-B194-A34B0BDCB63F}
		{56677B09-89FA-3FA0-9A75-51A86803403E} = {56677B09-89FA-3FA0-9A75-51A86803403E}
		{5A0BB299-58F7-3384-B704-65E3AFFF1BD9} = {5A0BB299-58F7-3384-B704-65E3AFFF1BD9}
		{A80C5FC8-A947-3360-9B5D-2C6E58AA28EC} = {A80C5FC8-A947-3360-9B5D-2C6E58AA28EC}
		{56DC8C02-9168-371B-A816-671D2D02B339} = {56DC8C02-9168-371B-A816-671D2D02B339}
		{CA51A40E-6336-346D-8A1A-5C9944BA7E91} = {CA51A40E-6336-346D-8A1A-5C9944BA7E91}
		{9562E166-2441-389C-B694-7840D6F1B77C} = {9562E166-2441-389C-B694-7840D6F1B77C}
		{893CF0B2-D01E-3FED-97F8-4C273C0276E4} = {893CF0B2-D01E-3FED-97F8-4C273C0276E4}
		{30CBD50A-6BC5-3A49-8A19-8CE37F3B1D75} = {30CBD50A-6BC5-3A49-8A19-8CE37F3B1D75}
		{778A1BB6-2792-363F-8A6F-798FB91C9864} = {778A1BB6-2792-363F-8A6F-798FB91C9864}
		{D3B654CD-BCDA-3C38-9BDB-AB2E6DD9EDBC} = {D3B654CD-BCDA-3C38-9BDB-AB2E6DD9EDBC}
		{C4FCFB72-A18B-3191-8E8D-B4FE7C81554A} = {C4FCFB72-A18B-3191-8E8D-B4FE7C81554A}
		{CD17F742-97B1-3CFD-9D0C-E08F99E5605B} = {CD17F742-97B1-3CFD-9D0C-E08F99E5605B}
		{02F5E80E-262E-3104-80E9-E087230FD52D} = {02F5E80E-262E-3104-80E9-E087230FD52D}
		{D26C169A-6B68-3097-ABC3-1679D9D75A9F} = {D26C169A-6B68-3097-ABC3-1679D9D75A9F}
		{2B0155D3-3FA7-3FC2-BCD7-5BC003781BEC} = {2B0155D3-3FA7-3FC2-BCD7-5BC003781BEC}
	EndProjectSection
EndProject
Project("{8BC9CEB8-8B4A-11D0-8D11-00A0C91BC942}") = "INSTALL", "INSTALL.vcxproj", "{CE6ED86A-8328-34C6-B039-3134D5A62142}"
	ProjectSection(ProjectDependencies) = postProject
		{0952F72F-FCB5-3549-99AE-3838DC0AB803} = {0952F72F-FCB5-3549-99AE-3838DC0AB803}
		{85FEC405-093E-376D-AB93-1ECB9161B123} = {85FEC405-093E-376D-AB93-1ECB9161B123}
	EndProjectSection
EndProject
Project("{8BC9CEB8-8B4A-11D0-8D11-00A0C91BC942}") = "ZERO_CHECK", "ZERO_CHECK.vcxproj", "{85FEC405-093E-376D-AB93-1ECB9161B123}"
	ProjectSection(ProjectDependencies) = postProject
	EndProjectSection
EndProject
Project("{8BC9CEB8-8B4A-11D0-8D11-00A0C91BC942}") = "boing", "examples\boing.vcxproj", "{20CFB17C-1022-35DF-849C-CD8492C13559}"
	ProjectSection(ProjectDependencies) = postProject
		{85FEC405-093E-376D-AB93-1ECB9161B123} = {85FEC405-093E-376D-AB93-1ECB9161B123}
		{8A76ACC4-3258-30CC-A31E-91CF58396126} = {8A76ACC4-3258-30CC-A31E-91CF58396126}
	EndProjectSection
EndProject
Project("{8BC9CEB8-8B4A-11D0-8D11-00A0C91BC942}") = "clipboard", "tests\clipboard.vcxproj", "{883E7541-867A-3641-B771-1E09A3C21BAA}"
	ProjectSection(ProjectDependencies) = postProject
		{85FEC405-093E-376D-AB93-1ECB9161B123} = {85FEC405-093E-376D-AB93-1ECB9161B123}
		{8A76ACC4-3258-30CC-A31E-91CF58396126} = {8A76ACC4-3258-30CC-A31E-91CF58396126}
	EndProjectSection
EndProject
Project("{8BC9CEB8-8B4A-11D0-8D11-00A0C91BC942}") = "cursor", "tests\cursor.vcxproj", "{4EE956F0-D880-3284-B4D6-38032CE7DC24}"
	ProjectSection(ProjectDependencies) = postProject
		{85FEC405-093E-376D-AB93-1ECB9161B123} = {85FEC405-093E-376D-AB93-1ECB9161B123}
		{8A76ACC4-3258-30CC-A31E-91CF58396126} = {8A76ACC4-3258-30CC-A31E-91CF58396126}
	EndProjectSection
EndProject
Project("{8BC9CEB8-8B4A-11D0-8D11-00A0C91BC942}") = "empty", "tests\empty.vcxproj", "{D5EAED08-D934-3D33-B0A3-8CE65D4E9F8D}"
	ProjectSection(ProjectDependencies) = postProject
		{85FEC405-093E-376D-AB93-1ECB9161B123} = {85FEC405-093E-376D-AB93-1ECB9161B123}
		{8A76ACC4-3258-30CC-A31E-91CF58396126} = {8A76ACC4-3258-30CC-A31E-91CF58396126}
	EndProjectSection
EndProject
Project("{8BC9CEB8-8B4A-11D0-8D11-00A0C91BC942}") = "events", "tests\events.vcxproj", "{CE64B83E-DFEA-31C9-8026-2AC26620EED9}"
	ProjectSection(ProjectDependencies) = postProject
		{85FEC405-093E-376D-AB93-1ECB9161B123} = {85FEC405-093E-376D-AB93-1ECB9161B123}
		{8A76ACC4-3258-30CC-A31E-91CF58396126} = {8A76ACC4-3258-30CC-A31E-91CF58396126}
	EndProjectSection
EndProject
Project("{8BC9CEB8-8B4A-11D0-8D11-00A0C91BC942}") = "gamma", "tests\gamma.vcxproj", "{B85C86CC-C5BA-346B-8C38-79F18C0A3D46}"
	ProjectSection(ProjectDependencies) = postProject
		{85FEC405-093E-376D-AB93-1ECB9161B123} = {85FEC405-093E-376D-AB93-1ECB9161B123}
		{8A76ACC4-3258-30CC-A31E-91CF58396126} = {8A76ACC4-3258-30CC-A31E-91CF58396126}
	EndProjectSection
EndProject
Project("{8BC9CEB8-8B4A-11D0-8D11-00A0C91BC942}") = "gears", "examples\gears.vcxproj", "{058736D5-D98F-3C4F-8FDD-4FDD30B3BB07}"
	ProjectSection(ProjectDependencies) = postProject
		{85FEC405-093E-376D-AB93-1ECB9161B123} = {85FEC405-093E-376D-AB93-1ECB9161B123}
		{8A76ACC4-3258-30CC-A31E-91CF58396126} = {8A76ACC4-3258-30CC-A31E-91CF58396126}
	EndProjectSection
EndProject
Project("{8BC9CEB8-8B4A-11D0-8D11-00A0C91BC942}") = "glfw", "src\glfw.vcxproj", "{8A76ACC4-3258-30CC-A31E-91CF58396126}"
	ProjectSection(ProjectDependencies) = postProject
		{85FEC405-093E-376D-AB93-1ECB9161B123} = {85FEC405-093E-376D-AB93-1ECB9161B123}
	EndProjectSection
EndProject
Project("{8BC9CEB8-8B4A-11D0-8D11-00A0C91BC942}") = "glfwinfo", "tests\glfwinfo.vcxproj", "{97C7A63E-B8AD-3E59-8BF1-78CAF13737C6}"
	ProjectSection(ProjectDependencies) = postProject
		{85FEC405-093E-376D-AB93-1ECB9161B123} = {85FEC405-093E-376D-AB93-1ECB9161B123}
		{8A76ACC4-3258-30CC-A31E-91CF58396126} = {8A76ACC4-3258-30CC-A31E-91CF58396126}
	EndProjectSection
EndProject
Project("{8BC9CEB8-8B4A-11D0-8D11-00A0C91BC942}") = "heightmap", "examples\heightmap.vcxproj", "{205A09C6-C560-30D3-AAA7-80E64A0B2BDF}"
	ProjectSection(ProjectDependencies) = postProject
		{85FEC405-093E-376D-AB93-1ECB9161B123} = {85FEC405-093E-376D-AB93-1ECB9161B123}
		{8A76ACC4-3258-30CC-A31E-91CF58396126} = {8A76ACC4-3258-30CC-A31E-91CF58396126}
	EndProjectSection
EndProject
Project("{8BC9CEB8-8B4A-11D0-8D11-00A0C91BC942}") = "icon", "tests\icon.vcxproj", "{78F414FF-D6F5-3355-B194-A34B0BDCB63F}"
	ProjectSection(ProjectDependencies) = postProject
		{85FEC405-093E-376D-AB93-1ECB9161B123} = {85FEC405-093E-376D-AB93-1ECB9161B123}
		{8A76ACC4-3258-30CC-A31E-91CF58396126} = {8A76ACC4-3258-30CC-A31E-91CF58396126}
	EndProjectSection
EndProject
Project("{8BC9CEB8-8B4A-11D0-8D11-00A0C91BC942}") = "iconify", "tests\iconify.vcxproj", "{56677B09-89FA-3FA0-9A75-51A86803403E}"
	ProjectSection(ProjectDependencies) = postProject
		{85FEC405-093E-376D-AB93-1ECB9161B123} = {85FEC405-093E-376D-AB93-1ECB9161B123}
		{8A76ACC4-3258-30CC-A31E-91CF58396126} = {8A76ACC4-3258-30CC-A31E-91CF58396126}
	EndProjectSection
EndProject
Project("{8BC9CEB8-8B4A-11D0-8D11-00A0C91BC942}") = "joysticks", "tests\joysticks.vcxproj", "{5A0BB299-58F7-3384-B704-65E3AFFF1BD9}"
	ProjectSection(ProjectDependencies) = postProject
		{85FEC405-093E-376D-AB93-1ECB9161B123} = {85FEC405-093E-376D-AB93-1ECB9161B123}
		{8A76ACC4-3258-30CC-A31E-91CF58396126} = {8A76ACC4-3258-30CC-A31E-91CF58396126}
	EndProjectSection
EndProject
Project("{8BC9CEB8-8B4A-11D0-8D11-00A0C91BC942}") = "monitors", "tests\monitors.vcxproj", "{A80C5FC8-A947-3360-9B5D-2C6E58AA28EC}"
	ProjectSection(ProjectDependencies) = postProject
		{85FEC405-093E-376D-AB93-1ECB9161B123} = {85FEC405-093E-376D-AB93-1ECB9161B123}
		{8A76ACC4-3258-30CC-A31E-91CF58396126} = {8A76ACC4-3258-30CC-A31E-91CF58396126}
	EndProjectSection
EndProject
Project("{8BC9CEB8-8B4A-11D0-8D11-00A0C91BC942}") = "msaa", "tests\msaa.vcxproj", "{56DC8C02-9168-371B-A816-671D2D02B339}"
	ProjectSection(ProjectDependencies) = postProject
		{85FEC405-093E-376D-AB93-1ECB9161B123} = {85FEC405-093E-376D-AB93-1ECB9161B123}
		{8A76ACC4-3258-30CC-A31E-91CF58396126} = {8A76ACC4-3258-30CC-A31E-91CF58396126}
	EndProjectSection
EndProject
Project("{8BC9CEB8-8B4A-11D0-8D11-00A0C91BC942}") = "particles", "examples\particles.vcxproj", "{CA51A40E-6336-346D-8A1A-5C9944BA7E91}"
	ProjectSection(ProjectDependencies) = postProject
		{85FEC405-093E-376D-AB93-1ECB9161B123} = {85FEC405-093E-376D-AB93-1ECB9161B123}
		{8A76ACC4-3258-30CC-A31E-91CF58396126} = {8A76ACC4-3258-30CC-A31E-91CF58396126}
	EndProjectSection
EndProject
Project("{8BC9CEB8-8B4A-11D0-8D11-00A0C91BC942}") = "reopen", "tests\reopen.vcxproj", "{9562E166-2441-389C-B694-7840D6F1B77C}"
	ProjectSection(ProjectDependencies) = postProject
		{85FEC405-093E-376D-AB93-1ECB9161B123} = {85FEC405-093E-376D-AB93-1ECB9161B123}
		{8A76ACC4-3258-30CC-A31E-91CF58396126} = {8A76ACC4-3258-30CC-A31E-91CF58396126}
	EndProjectSection
EndProject
Project("{8BC9CEB8-8B4A-11D0-8D11-00A0C91BC942}") = "sharing", "tests\sharing.vcxproj", "{893CF0B2-D01E-3FED-97F8-4C273C0276E4}"
	ProjectSection(ProjectDependencies) = postProject
		{85FEC405-093E-376D-AB93-1ECB9161B123} = {85FEC405-093E-376D-AB93-1ECB9161B123}
		{8A76ACC4-3258-30CC-A31E-91CF58396126} = {8A76ACC4-3258-30CC-A31E-91CF58396126}
	EndProjectSection
EndProject
Project("{8BC9CEB8-8B4A-11D0-8D11-00A0C91BC942}") = "simple", "examples\simple.vcxproj", "{30CBD50A-6BC5-3A49-8A19-8CE37F3B1D75}"
	ProjectSection(ProjectDependencies) = postProject
		{85FEC405-093E-376D-AB93-1ECB9161B123} = {85FEC405-093E-376D-AB93-1ECB9161B123}
		{8A76ACC4-3258-30CC-A31E-91CF58396126} = {8A76ACC4-3258-30CC-A31E-91CF58396126}
	EndProjectSection
EndProject
Project("{8BC9CEB8-8B4A-11D0-8D11-00A0C91BC942}") = "splitview", "examples\splitview.vcxproj", "{778A1BB6-2792-363F-8A6F-798FB91C9864}"
	ProjectSection(ProjectDependencies) = postProject
		{85FEC405-093E-376D-AB93-1ECB9161B123} = {85FEC405-093E-376D-AB93-1ECB9161B123}
		{8A76ACC4-3258-30CC-A31E-91CF58396126} = {8A76ACC4-3258-30CC-A31E-91CF58396126}
	EndProjectSection
EndProject
Project("{8BC9CEB8-8B4A-11D0-8D11-00A0C91BC942}") = "tearing", "tests\tearing.vcxproj", "{D3B654CD-BCDA-3C38-9BDB-AB2E6DD9EDBC}"
	ProjectSection(ProjectDependencies) = postProject
		{85FEC405-093E-376D-AB93-1ECB9161B123} = {85FEC405-093E-376D-AB93-1ECB9161B123}
		{8A76ACC4-3258-30CC-A31E-91CF58396126} = {8A76ACC4-3258-30CC-A31E-91CF58396126}
	EndProjectSection
EndProject
Project("{8BC9CEB8-8B4A-11D0-8D11-00A0C91BC942}") = "threads", "tests\threads.vcxproj", "{C4FCFB72-A18B-3191-8E8D-B4FE7C81554A}"
	ProjectSection(ProjectDependencies) = postProject
		{85FEC405-093E-376D-AB93-1ECB9161B123} = {85FEC405-093E-376D-AB93-1ECB9161B123}
		{8A76ACC4-3258-30CC-A31E-91CF58396126} = {8A76ACC4-3258-30CC-A31E-91CF58396126}
	EndProjectSection
EndProject
Project("{8BC9CEB8-8B4A-11D0-8D11-00A0C91BC942}") = "timeout", "tests\timeout.vcxproj", "{CD17F742-97B1-3CFD-9D0C-E08F99E5605B}"
	ProjectSection(ProjectDependencies) = postProject
		{85FEC405-093E-376D-AB93-1ECB9161B123} = {85FEC405-093E-376D-AB93-1ECB9161B123}
		{8A76ACC4-3258-30CC-A31E-91CF58396126} = {8A76ACC4-3258-30CC-A31E-91CF58396126}
	EndProjectSection
EndProject
Project("{8BC9CEB8-8B4A-11D0-8D11-00A0C91BC942}") = "title", "tests\title.vcxproj", "{02F5E80E-262E-3104-80E9-E087230FD52D}"
	ProjectSection(ProjectDependencies) = postProject
		{85FEC405-093E-376D-AB93-1ECB9161B123} = {85FEC405-093E-376D-AB93-1ECB9161B123}
		{8A76ACC4-3258-30CC-A31E-91CF58396126} = {8A76ACC4-3258-30CC-A31E-91CF58396126}
	EndProjectSection
EndProject
Project("{8BC9CEB8-8B4A-11D0-8D11-00A0C91BC942}") = "uninstall", "uninstall.vcxproj", "{02AC41B8-8178-33E2-AA9D-07F07425093D}"
	ProjectSection(ProjectDependencies) = postProject
		{85FEC405-093E-376D-AB93-1ECB9161B123} = {85FEC405-093E-376D-AB93-1ECB9161B123}
	EndProjectSection
EndProject
Project("{8BC9CEB8-8B4A-11D0-8D11-00A0C91BC942}") = "wave", "examples\wave.vcxproj", "{D26C169A-6B68-3097-ABC3-1679D9D75A9F}"
	ProjectSection(ProjectDependencies) = postProject
		{85FEC405-093E-376D-AB93-1ECB9161B123} = {85FEC405-093E-376D-AB93-1ECB9161B123}
		{8A76ACC4-3258-30CC-A31E-91CF58396126} = {8A76ACC4-3258-30CC-A31E-91CF58396126}
	EndProjectSection
EndProject
Project("{8BC9CEB8-8B4A-11D0-8D11-00A0C91BC942}") = "windows", "tests\windows.vcxproj", "{2B0155D3-3FA7-3FC2-BCD7-5BC003781BEC}"
	ProjectSection(ProjectDependencies) = postProject
		{85FEC405-093E-376D-AB93-1ECB9161B123} = {85FEC405-093E-376D-AB93-1ECB9161B123}
		{8A76ACC4-3258-30CC-A31E-91CF58396126} = {8A76ACC4-3258-30CC-A31E-91CF58396126}
	EndProjectSection
EndProject
Global
	GlobalSection(SolutionConfigurationPlatforms) = preSolution
		Debug|Win32 = Debug|Win32
		Release|Win32 = Release|Win32
		MinSizeRel|Win32 = MinSizeRel|Win32
		RelWithDebInfo|Win32 = RelWithDebInfo|Win32
	EndGlobalSection
	GlobalSection(ProjectConfigurationPlatforms) = postSolution
		{0952F72F-FCB5-3549-99AE-3838DC0AB803}.Debug|Win32.ActiveCfg = Debug|Win32
		{0952F72F-FCB5-3549-99AE-3838DC0AB803}.Debug|Win32.Build.0 = Debug|Win32
		{0952F72F-FCB5-3549-99AE-3838DC0AB803}.Release|Win32.ActiveCfg = Release|Win32
		{0952F72F-FCB5-3549-99AE-3838DC0AB803}.Release|Win32.Build.0 = Release|Win32
		{0952F72F-FCB5-3549-99AE-3838DC0AB803}.MinSizeRel|Win32.ActiveCfg = MinSizeRel|Win32
		{0952F72F-FCB5-3549-99AE-3838DC0AB803}.MinSizeRel|Win32.Build.0 = MinSizeRel|Win32
		{0952F72F-FCB5-3549-99AE-3838DC0AB803}.RelWithDebInfo|Win32.ActiveCfg = RelWithDebInfo|Win32
		{0952F72F-FCB5-3549-99AE-3838DC0AB803}.RelWithDebInfo|Win32.Build.0 = RelWithDebInfo|Win32
		{CE6ED86A-8328-34C6-B039-3134D5A62142}.Debug|Win32.ActiveCfg = Debug|Win32
		{CE6ED86A-8328-34C6-B039-3134D5A62142}.Release|Win32.ActiveCfg = Release|Win32
		{CE6ED86A-8328-34C6-B039-3134D5A62142}.MinSizeRel|Win32.ActiveCfg = MinSizeRel|Win32
		{CE6ED86A-8328-34C6-B039-3134D5A62142}.RelWithDebInfo|Win32.ActiveCfg = RelWithDebInfo|Win32
		{85FEC405-093E-376D-AB93-1ECB9161B123}.Debug|Win32.ActiveCfg = Debug|Win32
		{85FEC405-093E-376D-AB93-1ECB9161B123}.Debug|Win32.Build.0 = Debug|Win32
		{85FEC405-093E-376D-AB93-1ECB9161B123}.Release|Win32.ActiveCfg = Release|Win32
		{85FEC405-093E-376D-AB93-1ECB9161B123}.Release|Win32.Build.0 = Release|Win32
		{85FEC405-093E-376D-AB93-1ECB9161B123}.MinSizeRel|Win32.ActiveCfg = MinSizeRel|Win32
		{85FEC405-093E-376D-AB93-1ECB9161B123}.MinSizeRel|Win32.Build.0 = MinSizeRel|Win32
		{85FEC405-093E-376D-AB93-1ECB9161B123}.RelWithDebInfo|Win32.ActiveCfg = RelWithDebInfo|Win32
		{85FEC405-093E-376D-AB93-1ECB9161B123}.RelWithDebInfo|Win32.Build.0 = RelWithDebInfo|Win32
		{20CFB17C-1022-35DF-849C-CD8492C13559}.Debug|Win32.ActiveCfg = Debug|Win32
		{20CFB17C-1022-35DF-849C-CD8492C13559}.Debug|Win32.Build.0 = Debug|Win32
		{20CFB17C-1022-35DF-849C-CD8492C13559}.Release|Win32.ActiveCfg = Release|Win32
		{20CFB17C-1022-35DF-849C-CD8492C13559}.Release|Win32.Build.0 = Release|Win32
		{20CFB17C-1022-35DF-849C-CD8492C13559}.MinSizeRel|Win32.ActiveCfg = MinSizeRel|Win32
		{20CFB17C-1022-35DF-849C-CD8492C13559}.MinSizeRel|Win32.Build.0 = MinSizeRel|Win32
		{20CFB17C-1022-35DF-849C-CD8492C13559}.RelWithDebInfo|Win32.ActiveCfg = RelWithDebInfo|Win32
		{20CFB17C-1022-35DF-849C-CD8492C13559}.RelWithDebInfo|Win32.Build.0 = RelWithDebInfo|Win32
		{883E7541-867A-3641-B771-1E09A3C21BAA}.Debug|Win32.ActiveCfg = Debug|Win32
		{883E7541-867A-3641-B771-1E09A3C21BAA}.Debug|Win32.Build.0 = Debug|Win32
		{883E7541-867A-3641-B771-1E09A3C21BAA}.Release|Win32.ActiveCfg = Release|Win32
		{883E7541-867A-3641-B771-1E09A3C21BAA}.Release|Win32.Build.0 = Release|Win32
		{883E7541-867A-3641-B771-1E09A3C21BAA}.MinSizeRel|Win32.ActiveCfg = MinSizeRel|Win32
		{883E7541-867A-3641-B771-1E09A3C21BAA}.MinSizeRel|Win32.Build.0 = MinSizeRel|Win32
		{883E7541-867A-3641-B771-1E09A3C21BAA}.RelWithDebInfo|Win32.ActiveCfg = RelWithDebInfo|Win32
		{883E7541-867A-3641-B771-1E09A3C21BAA}.RelWithDebInfo|Win32.Build.0 = RelWithDebInfo|Win32
		{4EE956F0-D880-3284-B4D6-38032CE7DC24}.Debug|Win32.ActiveCfg = Debug|Win32
		{4EE956F0-D880-3284-B4D6-38032CE7DC24}.Debug|Win32.Build.0 = Debug|Win32
		{4EE956F0-D880-3284-B4D6-38032CE7DC24}.Release|Win32.ActiveCfg = Release|Win32
		{4EE956F0-D880-3284-B4D6-38032CE7DC24}.Release|Win32.Build.0 = Release|Win32
		{4EE956F0-D880-3284-B4D6-38032CE7DC24}.MinSizeRel|Win32.ActiveCfg = MinSizeRel|Win32
		{4EE956F0-D880-3284-B4D6-38032CE7DC24}.MinSizeRel|Win32.Build.0 = MinSizeRel|Win32
		{4EE956F0-D880-3284-B4D6-38032CE7DC24}.RelWithDebInfo|Win32.ActiveCfg = RelWithDebInfo|Win32
		{4EE956F0-D880-3284-B4D6-38032CE7DC24}.RelWithDebInfo|Win32.Build.0 = RelWithDebInfo|Win32
		{D5EAED08-D934-3D33-B0A3-8CE65D4E9F8D}.Debug|Win32.ActiveCfg = Debug|Win32
		{D5EAED08-D934-3D33-B0A3-8CE65D4E9F8D}.Debug|Win32.Build.0 = Debug|Win32
		{D5EAED08-D934-3D33-B0A3-8CE65D4E9F8D}.Release|Win32.ActiveCfg = Release|Win32
		{D5EAED08-D934-3D33-B0A3-8CE65D4E9F8D}.Release|Win32.Build.0 = Release|Win32
		{D5EAED08-D934-3D33-B0A3-8CE65D4E9F8D}.MinSizeRel|Win32.ActiveCfg = MinSizeRel|Win32
		{D5EAED08-D934-3D33-B0A3-8CE65D4E9F8D}.MinSizeRel|Win32.Build.0 = MinSizeRel|Win32
		{D5EAED08-D934-3D33-B0A3-8CE65D4E9F8D}.RelWithDebInfo|Win32.ActiveCfg = RelWithDebInfo|Win32
		{D5EAED08-D934-3D33-B0A3-8CE65D4E9F8D}.RelWithDebInfo|Win32.Build.0 = RelWithDebInfo|Win32
		{CE64B83E-DFEA-31C9-8026-2AC26620EED9}.Debug|Win32.ActiveCfg = Debug|Win32
		{CE64B83E-DFEA-31C9-8026-2AC26620EED9}.Debug|Win32.Build.0 = Debug|Win32
		{CE64B83E-DFEA-31C9-8026-2AC26620EED9}.Release|Win32.ActiveCfg = Release|Win32
		{CE64B83E-DFEA-31C9-8026-2AC26620EED9}.Release|Win32.Build.0 = Release|Win32
		{CE64B83E-DFEA-31C9-8026-2AC26620EED9}.MinSizeRel|Win32.ActiveCfg = MinSizeRel|Win32
		{CE64B83E-DFEA-31C9-8026-2AC26620EED9}.MinSizeRel|Win32.Build.0 = MinSizeRel|Win32
		{CE64B83E-DFEA-31C9-8026-2AC26620EED9}.RelWithDebInfo|Win32.ActiveCfg = RelWithDebInfo|Win32
		{CE64B83E-DFEA-31C9-8026-2AC26620EED9}.RelWithDebInfo|Win32.Build.0 = RelWithDebInfo|Win32
		{B85C86CC-C5BA-346B-8C38-79F18C0A3D46}.Debug|Win32.ActiveCfg = Debug|Win32
		{B85C86CC-C5BA-346B-8C38-79F18C0A3D46}.Debug|Win32.Build.0 = Debug|Win32
		{B85C86CC-C5BA-346B-8C38-79F18C0A3D46}.Release|Win32.ActiveCfg = Release|Win32
		{B85C86CC-C5BA-346B-8C38-79F18C0A3D46}.Release|Win32.Build.0 = Release|Win32
		{B85C86CC-C5BA-346B-8C38-79F18C0A3D46}.MinSizeRel|Win32.ActiveCfg = MinSizeRel|Win32
		{B85C86CC-C5BA-346B-8C38-79F18C0A3D46}.MinSizeRel|Win32.Build.0 = MinSizeRel|Win32
		{B85C86CC-C5BA-346B-8C38-79F18C0A3D46}.RelWithDebInfo|Win32.ActiveCfg = RelWithDebInfo|Win32
		{B85C86CC-C5BA-346B-8C38-79F18C0A3D46}.RelWithDebInfo|Win32.Build.0 = RelWithDebInfo|Win32
		{058736D5-D98F-3C4F-8FDD-4FDD30B3BB07}.Debug|Win32.ActiveCfg = Debug|Win32
		{058736D5-D98F-3C4F-8FDD-4FDD30B3BB07}.Debug|Win32.Build.0 = Debug|Win32
		{058736D5-D98F-3C4F-8FDD-4FDD30B3BB07}.Release|Win32.ActiveCfg = Release|Win32
		{058736D5-D98F-3C4F-8FDD-4FDD30B3BB07}.Release|Win32.Build.0 = Release|Win32
		{058736D5-D98F-3C4F-8FDD-4FDD30B3BB07}.MinSizeRel|Win32.ActiveCfg = MinSizeRel|Win32
		{058736D5-D98F-3C4F-8FDD-4FDD30B3BB07}.MinSizeRel|Win32.Build.0 = MinSizeRel|Win32
		{058736D5-D98F-3C4F-8FDD-4FDD30B3BB07}.RelWithDebInfo|Win32.ActiveCfg = RelWithDebInfo|Win32
		{058736D5-D98F-3C4F-8FDD-4FDD30B3BB07}.RelWithDebInfo|Win32.Build.0 = RelWithDebInfo|Win32
		{8A76ACC4-3258-30CC-A31E-91CF58396126}.Debug|Win32.ActiveCfg = Debug|Win32
		{8A76ACC4-3258-30CC-A31E-91CF58396126}.Debug|Win32.Build.0 = Debug|Win32
		{8A76ACC4-3258-30CC-A31E-91CF58396126}.Release|Win32.ActiveCfg = Release|Win32
		{8A76ACC4-3258-30CC-A31E-91CF58396126}.Release|Win32.Build.0 = Release|Win32
		{8A76ACC4-3258-30CC-A31E-91CF58396126}.MinSizeRel|Win32.ActiveCfg = MinSizeRel|Win32
		{8A76ACC4-3258-30CC-A31E-91CF58396126}.MinSizeRel|Win32.Build.0 = MinSizeRel|Win32
		{8A76ACC4-3258-30CC-A31E-91CF58396126}.RelWithDebInfo|Win32.ActiveCfg = RelWithDebInfo|Win32
		{8A76ACC4-3258-30CC-A31E-91CF58396126}.RelWithDebInfo|Win32.Build.0 = RelWithDebInfo|Win32
		{97C7A63E-B8AD-3E59-8BF1-78CAF13737C6}.Debug|Win32.ActiveCfg = Debug|Win32
		{97C7A63E-B8AD-3E59-8BF1-78CAF13737C6}.Debug|Win32.Build.0 = Debug|Win32
		{97C7A63E-B8AD-3E59-8BF1-78CAF13737C6}.Release|Win32.ActiveCfg = Release|Win32
		{97C7A63E-B8AD-3E59-8BF1-78CAF13737C6}.Release|Win32.Build.0 = Release|Win32
		{97C7A63E-B8AD-3E59-8BF1-78CAF13737C6}.MinSizeRel|Win32.ActiveCfg = MinSizeRel|Win32
		{97C7A63E-B8AD-3E59-8BF1-78CAF13737C6}.MinSizeRel|Win32.Build.0 = MinSizeRel|Win32
		{97C7A63E-B8AD-3E59-8BF1-78CAF13737C6}.RelWithDebInfo|Win32.ActiveCfg = RelWithDebInfo|Win32
		{97C7A63E-B8AD-3E59-8BF1-78CAF13737C6}.RelWithDebInfo|Win32.Build.0 = RelWithDebInfo|Win32
		{205A09C6-C560-30D3-AAA7-80E64A0B2BDF}.Debug|Win32.ActiveCfg = Debug|Win32
		{205A09C6-C560-30D3-AAA7-80E64A0B2BDF}.Debug|Win32.Build.0 = Debug|Win32
		{205A09C6-C560-30D3-AAA7-80E64A0B2BDF}.Release|Win32.ActiveCfg = Release|Win32
		{205A09C6-C560-30D3-AAA7-80E64A0B2BDF}.Release|Win32.Build.0 = Release|Win32
		{205A09C6-C560-30D3-AAA7-80E64A0B2BDF}.MinSizeRel|Win32.ActiveCfg = MinSizeRel|Win32
		{205A09C6-C560-30D3-AAA7-80E64A0B2BDF}.MinSizeRel|Win32.Build.0 = MinSizeRel|Win32
		{205A09C6-C560-30D3-AAA7-80E64A0B2BDF}.RelWithDebInfo|Win32.ActiveCfg = RelWithDebInfo|Win32
		{205A09C6-C560-30D3-AAA7-80E64A0B2BDF}.RelWithDebInfo|Win32.Build.0 = RelWithDebInfo|Win32
		{78F414FF-D6F5-3355-B194-A34B0BDCB63F}.Debug|Win32.ActiveCfg = Debug|Win32
		{78F414FF-D6F5-3355-B194-A34B0BDCB63F}.Debug|Win32.Build.0 = Debug|Win32
		{78F414FF-D6F5-3355-B194-A34B0BDCB63F}.Release|Win32.ActiveCfg = Release|Win32
		{78F414FF-D6F5-3355-B194-A34B0BDCB63F}.Release|Win32.Build.0 = Release|Win32
		{78F414FF-D6F5-3355-B194-A34B0BDCB63F}.MinSizeRel|Win32.ActiveCfg = MinSizeRel|Win32
		{78F414FF-D6F5-3355-B194-A34B0BDCB63F}.MinSizeRel|Win32.Build.0 = MinSizeRel|Win32
		{78F414FF-D6F5-3355-B194-A34B0BDCB63F}.RelWithDebInfo|Win32.ActiveCfg = RelWithDebInfo|Win32
		{78F414FF-D6F5-3355-B194-A34B0BDCB63F}.RelWithDebInfo|Win32.Build.0 = RelWithDebInfo|Win32
		{56677B09-89FA-3FA0-9A75-51A86803403E}.Debug|Win32.ActiveCfg = Debug|Win32
		{56677B09-89FA-3FA0-9A75-51A86803403E}.Debug|Win32.Build.0 = Debug|Win32
		{56677B09-89FA-3FA0-9A75-51A86803403E}.Release|Win32.ActiveCfg = Release|Win32
		{56677B09-89FA-3FA0-9A75-51A86803403E}.Release|Win32.Build.0 = Release|Win32
		{56677B09-89FA-3FA0-9A75-51A86803403E}.MinSizeRel|Win32.ActiveCfg = MinSizeRel|Win32
		{56677B09-89FA-3FA0-9A75-51A86803403E}.MinSizeRel|Win32.Build.0 = MinSizeRel|Win32
		{56677B09-89FA-3FA0-9A75-51A86803403E}.RelWithDebInfo|Win32.ActiveCfg = RelWithDebInfo|Win32
		{56677B09-89FA-3FA0-9A75-51A86803403E}.RelWithDebInfo|Win32.Build.0 = RelWithDebInfo|Win32
		{5A0BB299-58F7-3384-B704-65E3AFFF1BD9}.Debug|Win32.ActiveCfg = Debug|Win32
		{5A0BB299-58F7-3384-B704-65E3AFFF1BD9}.Debug|Win32.Build.0 = Debug|Win32
		{5A0BB299-58F7-3384-B704-65E3AFFF1BD9}.Release|Win32.ActiveCfg = Release|Win32
		{5A0BB299-58F7-3384-B704-65E3AFFF1BD9}.Release|Win32.Build.0 = Release|Win32
		{5A0BB299-58F7-3384-B704-65E3AFFF1BD9}.MinSizeRel|Win32.ActiveCfg = MinSizeRel|Win32
		{5A0BB299-58F7-3384-B704-65E3AFFF1BD9}.MinSizeRel|Win32.Build.0 = MinSizeRel|Win32
		{5A0BB299-58F7-3384-B704-65E3AFFF1BD9}.RelWithDebInfo|Win32.ActiveCfg = RelWithDebInfo|Win32
		{5A0BB299-58F7-3384-B704-65E3AFFF1BD9}.RelWithDebInfo|Win32.Build.0 = RelWithDebInfo|Win32
		{A80C5FC8-A947-3360-9B5D-2C6E58AA28EC}.Debug|Win32.ActiveCfg = Debug|Win32
		{A80C5FC8-A947-3360-9B5D-2C6E58AA28EC}.Debug|Win32.Build.0 = Debug|Win32
		{A80C5FC8-A947-3360-9B5D-2C6E58AA28EC}.Release|Win32.ActiveCfg = Release|Win32
		{A80C5FC8-A947-3360-9B5D-2C6E58AA28EC}.Release|Win32.Build.0 = Release|Win32
		{A80C5FC8-A947-3360-9B5D-2C6E58AA28EC}.MinSizeRel|Win32.ActiveCfg = MinSizeRel|Win32
		{A80C5FC8-A947-3360-9B5D-2C6E58AA28EC}.MinSizeRel|Win32.Build.0 = MinSizeRel|Win32
		{A80C5FC8-A947-3360-9B5D-2C6E58AA28EC}.RelWithDebInfo|Win32.ActiveCfg = RelWithDebInfo|Win32
		{A80C5FC8-A947-3360-9B5D-2C6E58AA28EC}.RelWithDebInfo|Win32.Build.0 = RelWithDebInfo|Win32
		{56DC8C02-9168-371B-A816-671D2D02B339}.Debug|Win32.ActiveCfg = Debug|Win32
		{56DC8C02-9168-371B-A816-671D2D02B339}.Debug|Win32.Build.0 = Debug|Win32
		{56DC8C02-9168-371B-A816-671D2D02B339}.Release|Win32.ActiveCfg = Release|Win32
		{56DC8C02-9168-371B-A816-671D2D02B339}.Release|Win32.Build.0 = Release|Win32
		{56DC8C02-9168-371B-A816-671D2D02B339}.MinSizeRel|Win32.ActiveCfg = MinSizeRel|Win32
		{56DC8C02-9168-371B-A816-671D2D02B339}.MinSizeRel|Win32.Build.0 = MinSizeRel|Win32
		{56DC8C02-9168-371B-A816-671D2D02B339}.RelWithDebInfo|Win32.ActiveCfg = RelWithDebInfo|Win32
		{56DC8C02-9168-371B-A816-671D2D02B339}.RelWithDebInfo|Win32.Build.0 = RelWithDebInfo|Win32
		{CA51A40E-6336-346D-8A1A-5C9944BA7E91}.Debug|Win32.ActiveCfg = Debug|Win32
		{CA51A40E-6336-346D-8A1A-5C9944BA7E91}.Debug|Win32.Build.0 = Debug|Win32
		{CA51A40E-6336-346D-8A1A-5C9944BA7E91}.Release|Win32.ActiveCfg = Release|Win32
		{CA51A40E-6336-346D-8A1A-5C9944BA7E91}.Release|Win32.Build.0 = Release|Win32
		{CA51A40E-6336-346D-8A1A-5C9944BA7E91}.MinSizeRel|Win32.ActiveCfg = MinSizeRel|Win32
		{CA51A40E-6336-346D-8A1A-5C9944BA7E91}.MinSizeRel|Win32.Build.0 = MinSizeRel|Win32
		{CA51A40E-6336-346D-8A1A-5C9944BA7E91}.RelWithDebInfo|Win32.ActiveCfg = RelWithDebInfo|Win32
		{CA51A40E-6336-346D-8A1A-5C9944BA7E91}.RelWithDebInfo|Win32.Build.0 = RelWithDebInfo|Win32
		{9562E166-2441-389C-B694-7840D6F1B77C}.Debug|Win32.ActiveCfg = Debug|Win32
		{9562E166-2441-389C-B694-7840D6F1B77C}.Debug|Win32.Build.0 = Debug|Win32
		{9562E166-2441-389C-B694-7840D6F1B77C}.Release|Win32.ActiveCfg = Release|Win32
		{9562E166-2441-389C-B694-7840D6F1B77C}.Release|Win32.Build.0 = Release|Win32
		{9562E166-2441-389C-B694-7840D6F1B77C}.MinSizeRel|Win32.ActiveCfg = MinSizeRel|Win32
		{9562E166-2441-389C-B694-7840D6F1B77C}.MinSizeRel|Win32.Build.0 = MinSizeRel|Win32
		{9562E166-2441-389C-B694-7840D6F1B77C}.RelWithDebInfo|Win32.ActiveCfg = RelWithDebInfo|Win32
		{9562E166-2441-389C-B694-7840D6F1B77C}.RelWithDebInfo|Win32.Build.0 = RelWithDebInfo|Win32
		{893CF0B2-D01E-3FED-97F8-4C273C0276E4}.Debug|Win32.ActiveCfg = Debug|Win32
		{893CF0B2-D01E-3FED-97F8-4C273C0276E4}.Debug|Win32.Build.0 = Debug|Win32
		{893CF0B2-D01E-3FED-97F8-4C273C0276E4}.Release|Win32.ActiveCfg = Release|Win32
		{893CF0B2-D01E-3FED-97F8-4C273C0276E4}.Release|Win32.Build.0 = Release|Win32
		{893CF0B2-D01E-3FED-97F8-4C273C0276E4}.MinSizeRel|Win32.ActiveCfg = MinSizeRel|Win32
		{893CF0B2-D01E-3FED-97F8-4C273C0276E4}.MinSizeRel|Win32.Build.0 = MinSizeRel|Win32
		{893CF0B2-D01E-3FED-97F8-4C273C0276E4}.RelWithDebInfo|Win32.ActiveCfg = RelWithDebInfo|Win32
		{893CF0B2-D01E-3FED-97F8-4C273C0276E4}.RelWithDebInfo|Win32.Build.0 = RelWithDebInfo|Win32
		{30CBD50A-6BC5-3A49-8A19-8CE37F3B1D75}.Debug|Win32.ActiveCfg = Debug|Win32
		{30CBD50A-6BC5-3A49-8A19-8CE37F3B1D75}.Debug|Win32.Build.0 = Debug|Win32
		{30CBD50A-6BC5-3A49-8A19-8CE37F3B1D75}.Release|Win32.ActiveCfg = Release|Win32
		{30CBD50A-6BC5-3A49-8A19-8CE37F3B1D75}.Release|Win32.Build.0 = Release|Win32
		{30CBD50A-6BC5-3A49-8A19-8CE37F3B1D75}.MinSizeRel|Win32.ActiveCfg = MinSizeRel|Win32
		{30CBD50A-6BC5-3A49-8A19-8CE37F3B1D75}.MinSizeRel|Win32.Build.0 = MinSizeRel|Win32
		{30CBD50A-6BC5-3A49-8A19-8CE37F3B1D75}.RelWithDebInfo|Win32.ActiveCfg = RelWithDebInfo|Win32
		{30CBD50A-6BC5-3A49-8A19-8CE37F3B1D75}.RelWithDebInfo|Win32.Build.0 = RelWithDebInfo|Win32
		{778A1BB6-2792-363F-8A6F-798FB91C9864}.Debug|Win32.ActiveCfg = Debug|Win32
		{778A1BB6-2792-363F-8A6F-798FB91C9864}.Debug|Win32.Build.0 = Debug|Win32
		{778A1BB6-2792-363F-8A6F-798FB91C9864}.Release|Win32.ActiveCfg = Release|Win32
		{778A1BB6-2792-363F-8A6F-798FB91C9864}.Release|Win32.Build.0 = Release|Win32
		{778A1BB6-2792-363F-8A6F-798FB91C9864}.MinSizeRel|Win32.ActiveCfg = MinSizeRel|Win32
		{778A1BB6-2792-363F-8A6F-798FB91C9864}.MinSizeRel|Win32.Build.0 = MinSizeRel|Win32
		{778A1BB6-2792-363F-8A6F-798FB91C9864}.RelWithDebInfo|Win32.ActiveCfg = RelWithDebInfo|Win32
		{778A1BB6-2792-363F-8A6F-798FB91C9864}.RelWithDebInfo|Win32.Build.0 = RelWithDebInfo|Win32
		{D3B654CD-BCDA-3C38-9BDB-AB2E6DD9EDBC}.Debug|Win32.ActiveCfg = Debug|Win32
		{D3B654CD-BCDA-3C38-9BDB-AB2E6DD9EDBC}.Debug|Win32.Build.0 = Debug|Win32
		{D3B654CD-BCDA-3C38-9BDB-AB2E6DD9EDBC}.Release|Win32.ActiveCfg = Release|Win32
		{D3B654CD-BCDA-3C38-9BDB-AB2E6DD9EDBC}.Release|Win32.Build.0 = Release|Win32
		{D3B654CD-BCDA-3C38-9BDB-AB2E6DD9EDBC}.MinSizeRel|Win32.ActiveCfg = MinSizeRel|Win32
		{D3B654CD-BCDA-3C38-9BDB-AB2E6DD9EDBC}.MinSizeRel|Win32.Build.0 = MinSizeRel|Win32
		{D3B654CD-BCDA-3C38-9BDB-AB2E6DD9EDBC}.RelWithDebInfo|Win32.ActiveCfg = RelWithDebInfo|Win32
		{D3B654CD-BCDA-3C38-9BDB-AB2E6DD9EDBC}.RelWithDebInfo|Win32.Build.0 = RelWithDebInfo|Win32
		{C4FCFB72-A18B-3191-8E8D-B4FE7C81554A}.Debug|Win32.ActiveCfg = Debug|Win32
		{C4FCFB72-A18B-3191-8E8D-B4FE7C81554A}.Debug|Win32.Build.0 = Debug|Win32
		{C4FCFB72-A18B-3191-8E8D-B4FE7C81554A}.Release|Win32.ActiveCfg = Release|Win32
		{C4FCFB72-A18B-3191-8E8D-B4FE7C81554A}.Release|Win32.Build.0 = Release|Win32
		{C4FCFB72-A18B-3191-8E8D-B4FE7C81554A}.MinSizeRel|Win32.ActiveCfg = MinSizeRel|Win32
		{C4FCFB72-A18B-3191-8E8D-B4FE7C81554A}.MinSizeRel|Win32.Build.0 = MinSizeRel|Win32
		{C4FCFB72-A18B-3191-8E8D-B4FE7C81554A}.RelWithDebInfo|Win32.ActiveCfg = RelWithDebInfo|Win32
		{C4FCFB72-A18B-3191-8E8D-B4FE7C81554A}.RelWithDebInfo|Win32.Build.0 = RelWithDebInfo|Win32
		{CD17F742-97B1-3CFD-9D0C-E08F99E5605B}.Debug|Win32.ActiveCfg = Debug|Win32
		{CD17F742-97B1-3CFD-9D0C-E08F99E5605B}.Debug|Win32.Build.0 = Debug|Win32
		{CD17F742-97B1-3CFD-9D0C-E08F99E5605B}.Release|Win32.ActiveCfg = Release|Win32
		{CD17F742-97B1-3CFD-9D0C-E08F99E5605B}.Release|Win32.Build.0 = Release|Win32
		{CD17F742-97B1-3CFD-9D0C-E08F99E5605B}.MinSizeRel|Win32.ActiveCfg = MinSizeRel|Win32
		{CD17F742-97B1-3CFD-9D0C-E08F99E5605B}.MinSizeRel|Win32.Build.0 = MinSizeRel|Win32
		{CD17F742-97B1-3CFD-9D0C-E08F99E5605B}.RelWithDebInfo|Win32.ActiveCfg = RelWithDebInfo|Win32
		{CD17F742-97B1-3CFD-9D0C-E08F99E5605B}.RelWithDebInfo|Win32.Build.0 = RelWithDebInfo|Win32
		{02F5E80E-262E-3104-80E9-E087230FD52D}.Debug|Win32.ActiveCfg = Debug|Win32
		{02F5E80E-262E-3104-80E9-E087230FD52D}.Debug|Win32.Build.0 = Debug|Win32
		{02F5E80E-262E-3104-80E9-E087230FD52D}.Release|Win32.ActiveCfg = Release|Win32
		{02F5E80E-262E-3104-80E9-E087230FD52D}.Release|Win32.Build.0 = Release|Win32
		{02F5E80E-262E-3104-80E9-E087230FD52D}.MinSizeRel|Win32.ActiveCfg = MinSizeRel|Win32
		{02F5E80E-262E-3104-80E9-E087230FD52D}.MinSizeRel|Win32.Build.0 = MinSizeRel|Win32
		{02F5E80E-262E-3104-80E9-E087230FD52D}.RelWithDebInfo|Win32.ActiveCfg = RelWithDebInfo|Win32
		{02F5E80E-262E-3104-80E9-E087230FD52D}.RelWithDebInfo|Win32.Build.0 = RelWithDebInfo|Win32
		{02AC41B8-8178-33E2-AA9D-07F07425093D}.Debug|Win32.ActiveCfg = Debug|Win32
		{02AC41B8-8178-33E2-AA9D-07F07425093D}.Release|Win32.ActiveCfg = Release|Win32
		{02AC41B8-8178-33E2-AA9D-07F07425093D}.MinSizeRel|Win32.ActiveCfg = MinSizeRel|Win32
		{02AC41B8-8178-33E2-AA9D-07F07425093D}.RelWithDebInfo|Win32.ActiveCfg = RelWithDebInfo|Win32
		{D26C169A-6B68-3097-ABC3-1679D9D75A9F}.Debug|Win32.ActiveCfg = Debug|Win32
		{D26C169A-6B68-3097-ABC3-1679D9D75A9F}.Debug|Win32.Build.0 = Debug|Win32
		{D26C169A-6B68-3097-ABC3-1679D9D75A9F}.Release|Win32.ActiveCfg = Release|Win32
		{D26C169A-6B68-3097-ABC3-1679D9D75A9F}.Release|Win32.Build.0 = Release|Win32
		{D26C169A-6B68-3097-ABC3-1679D9D75A9F}.MinSizeRel|Win32.ActiveCfg = MinSizeRel|Win32
		{D26C169A-6B68-3097-ABC3-1679D9D75A9F}.MinSizeRel|Win32.Build.0 = MinSizeRel|Win32
		{D26C169A-6B68-3097-ABC3-1679D9D75A9F}.RelWithDebInfo|Win32.ActiveCfg = RelWithDebInfo|Win32
		{D26C169A-6B68-3097-ABC3-1679D9D75A9F}.RelWithDebInfo|Win32.Build.0 = RelWithDebInfo|Win32
		{2B0155D3-3FA7-3FC2-BCD7-5BC003781BEC}.Debug|Win32.ActiveCfg = Debug|Win32
		{2B0155D3-3FA7-3FC2-BCD7-5BC003781BEC}.Debug|Win32.Build.0 = Debug|Win32
		{2B0155D3-3FA7-3FC2-BCD7-5BC003781BEC}.Release|Win32.ActiveCfg = Release|Win32
		{2B0155D3-3FA7-3FC2-BCD7-5BC003781BEC}.Release|Win32.Build.0 = Release|Win32
		{2B0155D3-3FA7-3FC2-BCD7-5BC003781BEC}.MinSizeRel|Win32.ActiveCfg = MinSizeRel|Win32
		{2B0155D3-3FA7-3FC2-BCD7-5BC003781BEC}.MinSizeRel|Win32.Build.0 = MinSizeRel|Win32
		{2B0155D3-3FA7-3FC2-BCD7-5BC003781BEC}.RelWithDebInfo|Win32.ActiveCfg = RelWithDebInfo|Win32
		{2B0155D3-3FA7-3FC2-BCD7-5BC003781BEC}.RelWithDebInfo|Win32.Build.0 = RelWithDebInfo|Win32
	EndGlobalSection
	GlobalSection(NestedProjects) = preSolution
		{0952F72F-FCB5-3549-99AE-3838DC0AB803} = {CAAF40F5-B911-3C27-8001-C18932D3C0ED}
		{CE6ED86A-8328-34C6-B039-3134D5A62142} = {CAAF40F5-B911-3C27-8001-C18932D3C0ED}
		{85FEC405-093E-376D-AB93-1ECB9161B123} = {CAAF40F5-B911-3C27-8001-C18932D3C0ED}
		{E3431C86-DA77-3B93-ACCB-748A25339683} = {B903D014-88DC-3CF6-BF29-D88B979F3604}
		{3B061305-D842-372B-99DF-499E1310CFD1} = {B903D014-88DC-3CF6-BF29-D88B979F3604}
		{8A76ACC4-3258-30CC-A31E-91CF58396126} = {B903D014-88DC-3CF6-BF29-D88B979F3604}
		{20CFB17C-1022-35DF-849C-CD8492C13559} = {E3431C86-DA77-3B93-ACCB-748A25339683}
		{058736D5-D98F-3C4F-8FDD-4FDD30B3BB07} = {E3431C86-DA77-3B93-ACCB-748A25339683}
		{205A09C6-C560-30D3-AAA7-80E64A0B2BDF} = {E3431C86-DA77-3B93-ACCB-748A25339683}
		{CA51A40E-6336-346D-8A1A-5C9944BA7E91} = {E3431C86-DA77-3B93-ACCB-748A25339683}
		{30CBD50A-6BC5-3A49-8A19-8CE37F3B1D75} = {E3431C86-DA77-3B93-ACCB-748A25339683}
		{778A1BB6-2792-363F-8A6F-798FB91C9864} = {E3431C86-DA77-3B93-ACCB-748A25339683}
		{D26C169A-6B68-3097-ABC3-1679D9D75A9F} = {E3431C86-DA77-3B93-ACCB-748A25339683}
		{883E7541-867A-3641-B771-1E09A3C21BAA} = {3B061305-D842-372B-99DF-499E1310CFD1}
		{4EE956F0-D880-3284-B4D6-38032CE7DC24} = {3B061305-D842-372B-99DF-499E1310CFD1}
		{D5EAED08-D934-3D33-B0A3-8CE65D4E9F8D} = {3B061305-D842-372B-99DF-499E1310CFD1}
		{CE64B83E-DFEA-31C9-8026-2AC26620EED9} = {3B061305-D842-372B-99DF-499E1310CFD1}
		{B85C86CC-C5BA-346B-8C38-79F18C0A3D46} = {3B061305-D842-372B-99DF-499E1310CFD1}
		{97C7A63E-B8AD-3E59-8BF1-78CAF13737C6} = {3B061305-D842-372B-99DF-499E1310CFD1}
		{78F414FF-D6F5-3355-B194-A34B0BDCB63F} = {3B061305-D842-372B-99DF-499E1310CFD1}
		{56677B09-89FA-3FA0-9A75-51A86803403E} = {3B061305-D842-372B-99DF-499E1310CFD1}
		{5A0BB299-58F7-3384-B704-65E3AFFF1BD9} = {3B061305-D842-372B-99DF-499E1310CFD1}
		{A80C5FC8-A947-3360-9B5D-2C6E58AA28EC} = {3B061305-D842-372B-99DF-499E1310CFD1}
		{56DC8C02-9168-371B-A816-671D2D02B339} = {3B061305-D842-372B-99DF-499E1310CFD1}
		{9562E166-2441-389C-B694-7840D6F1B77C} = {3B061305-D842-372B-99DF-499E1310CFD1}
		{893CF0B2-D01E-3FED-97F8-4C273C0276E4} = {3B061305-D842-372B-99DF-499E1310CFD1}
		{D3B654CD-BCDA-3C38-9BDB-AB2E6DD9EDBC} = {3B061305-D842-372B-99DF-499E1310CFD1}
		{C4FCFB72-A18B-3191-8E8D-B4FE7C81554A} = {3B061305-D842-372B-99DF-499E1310CFD1}
		{CD17F742-97B1-3CFD-9D0C-E08F99E5605B} = {3B061305-D842-372B-99DF-499E1310CFD1}
		{02F5E80E-262E-3104-80E9-E087230FD52D} = {3B061305-D842-372B-99DF-499E1310CFD1}
		{2B0155D3-3FA7-3FC2-BCD7-5BC003781BEC} = {3B061305-D842-372B-99DF-499E1310CFD1}
	EndGlobalSection
	GlobalSection(ExtensibilityGlobals) = postSolution
	EndGlobalSection
	GlobalSection(ExtensibilityAddIns) = postSolution
	EndGlobalSection
EndGlobal
