Microsoft Visual Studio Solution File, Format Version 12.00
# Visual Studio 14
VisualStudioVersion = 14.0.25420.1
MinimumVisualStudioVersion = 10.0.40219.1
Project("{2150E333-8FDC-42A3-9474-1A3956D46DE8}") = "Dependencies", "Dependencies", "{A7BD52AB-0F26-4CA8-B69B-D3D4BE790CE1}"
EndProject
Project("{8BC9CEB8-8B4A-11D0-8D11-00A0C91BC942}") = "Sandbox", "Sandbox\Sandbox.vcxproj", "{5299F501-F492-4E40-86FE-8D5CBD94BFA2}"
EndProject
Project("{8BC9CEB8-8B4A-11D0-8D11-00A0C91BC942}") = "Bipolar-core", "Bipolar-core\Bipolar-core.vcxproj", "{7220AC54-FCB7-40B4-BCF9-CECABDAA6001}"
	ProjectSection(ProjectDependencies) = postProject
		{B39ED2B3-D53A-4077-B957-930979A3577D} = {B39ED2B3-D53A-4077-B957-930979A3577D}
	EndProjectSection
EndProject
Project("{2150E333-8FDC-42A3-9474-1A3956D46DE8}") = "glfw", "glfw", "{385882EF-F3E8-4DB8-AAC5-18D39D708B36}"
EndProject
Project("{2150E333-8FDC-42A3-9474-1A3956D46DE8}") = "include", "include", "{6D2F2442-76BE-416D-BDF2-DBA11B355D18}"
	ProjectSection(SolutionItems) = preProject
		Dependencies\glfw\include\glfw3.h = Dependencies\glfw\include\glfw3.h
		Dependencies\glfw\include\glfw3native.h = Dependencies\glfw\include\glfw3native.h
	EndProjectSection
EndProject
Project("{2150E333-8FDC-42A3-9474-1A3956D46DE8}") = "lib", "lib", "{8D28F3E8-DC2F-4B7F-BC3A-323A91E77ED5}"
	ProjectSection(SolutionItems) = preProject
		Dependencies\glfw\lib\glfw3.lib = Dependencies\glfw\lib\glfw3.lib
	EndProjectSection
EndProject
Project("{2150E333-8FDC-42A3-9474-1A3956D46DE8}") = "glew", "glew", "{0FAB7B25-6A05-46EF-BB43-E0536BDAC904}"
EndProject
Project("{2150E333-8FDC-42A3-9474-1A3956D46DE8}") = "include", "include", "{6AA5B673-8AC2-4D15-992A-D32BBFDE2109}"
EndProject
Project("{2150E333-8FDC-42A3-9474-1A3956D46DE8}") = "GL", "GL", "{33F94F7B-29EB-4F50-9767-9192F8F36918}"
	ProjectSection(SolutionItems) = preProject
		Dependencies\glew\include\GL\glew.h = Dependencies\glew\include\GL\glew.h
		Dependencies\glew\include\GL\glxew.h = Dependencies\glew\include\GL\glxew.h
		Dependencies\glew\include\GL\wglew.h = Dependencies\glew\include\GL\wglew.h
	EndProjectSection
EndProject
Project("{2150E333-8FDC-42A3-9474-1A3956D46DE8}") = "lib", "lib", "{9E67BC45-BEA3-4F11-9618-9BFF14280AF8}"
	ProjectSection(SolutionItems) = preProject
		Dependencies\glew\lib\glew32s.lib = Dependencies\glew\lib\glew32s.lib
	EndProjectSection
EndProject
Project("{2150E333-8FDC-42A3-9474-1A3956D46DE8}") = "assimp", "assimp", "{2C9AF58A-116E-43D5-8558-867FE6C9A256}"
EndProject
Project("{2150E333-8FDC-42A3-9474-1A3956D46DE8}") = "lib", "lib", "{B22EA82A-75DC-4FBA-8BB4-17EDF66CDB16}"
	ProjectSection(SolutionItems) = preProject
		Dependencies\assimp\lib\assimpd.dll = Dependencies\assimp\lib\assimpd.dll
		Dependencies\assimp\lib\assimpd.lib = Dependencies\assimp\lib\assimpd.lib
	EndProjectSection
EndProject
Project("{2150E333-8FDC-42A3-9474-1A3956D46DE8}") = "include", "include", "{C9F3AE5A-D016-474E-8180-EF513A8DAF1C}"
	ProjectSection(SolutionItems) = preProject
		Dependencies\assimp\include\ai_assert.h = Dependencies\assimp\include\ai_assert.h
		Dependencies\assimp\include\anim.h = Dependencies\assimp\include\anim.h
		Dependencies\assimp\include\camera.h = Dependencies\assimp\include\camera.h
		Dependencies\assimp\include\cexport.h = Dependencies\assimp\include\cexport.h
		Dependencies\assimp\include\cfileio.h = Dependencies\assimp\include\cfileio.h
		Dependencies\assimp\include\cimport.h = Dependencies\assimp\include\cimport.h
		Dependencies\assimp\include\color4.h = Dependencies\assimp\include\color4.h
		Dependencies\assimp\include\color4.inl = Dependencies\assimp\include\color4.inl
		Dependencies\assimp\include\config.h = Dependencies\assimp\include\config.h
		Dependencies\assimp\include\DefaultLogger.hpp = Dependencies\assimp\include\DefaultLogger.hpp
		Dependencies\assimp\include\defs.h = Dependencies\assimp\include\defs.h
		Dependencies\assimp\include\Exporter.hpp = Dependencies\assimp\include\Exporter.hpp
		Dependencies\assimp\include\Importer.hpp = Dependencies\assimp\include\Importer.hpp
		Dependencies\assimp\include\importerdesc.h = Dependencies\assimp\include\importerdesc.h
		Dependencies\assimp\include\IOStream.hpp = Dependencies\assimp\include\IOStream.hpp
		Dependencies\assimp\include\IOSystem.hpp = Dependencies\assimp\include\IOSystem.hpp
		Dependencies\assimp\include\light.h = Dependencies\assimp\include\light.h
		Dependencies\assimp\include\Logger.hpp = Dependencies\assimp\include\Logger.hpp
		Dependencies\assimp\include\LogStream.hpp = Dependencies\assimp\include\LogStream.hpp
		Dependencies\assimp\include\material.h = Dependencies\assimp\include\material.h
		Dependencies\assimp\include\material.inl = Dependencies\assimp\include\material.inl
		Dependencies\assimp\include\matrix3x3.h = Dependencies\assimp\include\matrix3x3.h
		Dependencies\assimp\include\matrix3x3.inl = Dependencies\assimp\include\matrix3x3.inl
		Dependencies\assimp\include\matrix4x4.h = Dependencies\assimp\include\matrix4x4.h
		Dependencies\assimp\include\matrix4x4.inl = Dependencies\assimp\include\matrix4x4.inl
		Dependencies\assimp\include\mesh.h = Dependencies\assimp\include\mesh.h
		Dependencies\assimp\include\metadata.h = Dependencies\assimp\include\metadata.h
		Dependencies\assimp\include\NullLogger.hpp = Dependencies\assimp\include\NullLogger.hpp
		Dependencies\assimp\include\postprocess.h = Dependencies\assimp\include\postprocess.h
		Dependencies\assimp\include\ProgressHandler.hpp = Dependencies\assimp\include\ProgressHandler.hpp
		Dependencies\assimp\include\quaternion.h = Dependencies\assimp\include\quaternion.h
		Dependencies\assimp\include\quaternion.inl = Dependencies\assimp\include\quaternion.inl
		Dependencies\assimp\include\scene.h = Dependencies\assimp\include\scene.h
		Dependencies\assimp\include\texture.h = Dependencies\assimp\include\texture.h
		Dependencies\assimp\include\types.h = Dependencies\assimp\include\types.h
		Dependencies\assimp\include\vector2.h = Dependencies\assimp\include\vector2.h
		Dependencies\assimp\include\vector2.inl = Dependencies\assimp\include\vector2.inl
		Dependencies\assimp\include\vector3.h = Dependencies\assimp\include\vector3.h
		Dependencies\assimp\include\vector3.inl = Dependencies\assimp\include\vector3.inl
		Dependencies\assimp\include\version.h = Dependencies\assimp\include\version.h
	EndProjectSection
EndProject
Project("{2150E333-8FDC-42A3-9474-1A3956D46DE8}") = "Compiler", "Compiler", "{95BBB422-01B6-4578-B8D8-D5013BC1867C}"
	ProjectSection(SolutionItems) = preProject
		Dependencies\assimp\include\Compiler\poppack1.h = Dependencies\assimp\include\Compiler\poppack1.h
		Dependencies\assimp\include\Compiler\pstdint.h = Dependencies\assimp\include\Compiler\pstdint.h
		Dependencies\assimp\include\Compiler\pushpack1.h = Dependencies\assimp\include\Compiler\pushpack1.h
	EndProjectSection
EndProject
Project("{2150E333-8FDC-42A3-9474-1A3956D46DE8}") = "FreeImage", "FreeImage", "{4C67A5AF-671A-4957-A417-5A9FB85188E8}"
EndProject
Project("{8BC9CEB8-8B4A-11D0-8D11-00A0C91BC942}") = "FreeImage", "Dependencies\FreeImage\FreeImage.2013.vcxproj", "{B39ED2B3-D53A-4077-B957-930979A3577D}"
EndProject
Project("{8BC9CEB8-8B4A-11D0-8D11-00A0C91BC942}") = "FreeImageLib", "Dependencies\FreeImage\Source\FreeImageLib\FreeImageLib.2013.vcxproj", "{9E219DF2-315D-478E-8A07-8960C377CE1E}"
EndProject
Project("{8BC9CEB8-8B4A-11D0-8D11-00A0C91BC942}") = "LibJPEG", "Dependencies\FreeImage\Source\LibJPEG\LibJPEG.2013.vcxproj", "{5E1D4E5F-E10C-4BA3-B663-F33014FD21D9}"
EndProject
Project("{8BC9CEB8-8B4A-11D0-8D11-00A0C91BC942}") = "LibPNG", "Dependencies\FreeImage\Source\LibPNG\LibPNG.2013.vcxproj", "{7DB10B50-CE00-4D7A-B322-6824F05D2FCB}"
EndProject
Project("{8BC9CEB8-8B4A-11D0-8D11-00A0C91BC942}") = "ZLib", "Dependencies\FreeImage\Source\ZLib\ZLib.2013.vcxproj", "{33134F61-C1AD-4B6F-9CEA-503A9F140C52}"
EndProject
Project("{8BC9CEB8-8B4A-11D0-8D11-00A0C91BC942}") = "OpenEXR", "Dependencies\FreeImage\Source\OpenEXR\OpenEXR.2013.vcxproj", "{17A4874B-0606-4687-90B6-F91F8CB3B8AF}"
EndProject
Project("{8BC9CEB8-8B4A-11D0-8D11-00A0C91BC942}") = "LibOpenJPEG", "Dependencies\FreeImage\Source\LibOpenJPEG\LibOpenJPEG.2013.vcxproj", "{E3536C28-A7F1-4B53-8E52-7D2232F9E098}"
EndProject
Project("{8BC9CEB8-8B4A-11D0-8D11-00A0C91BC942}") = "LibRaw", "Dependencies\FreeImage\Source\LibRawLite\LibRawLite.2013.vcxproj", "{07F662C1-1323-42AB-B6AF-FBFD34A7437A}"
EndProject
Project("{8BC9CEB8-8B4A-11D0-8D11-00A0C91BC942}") = "LibTIFF4", "Dependencies\FreeImage\Source\LibTIFF4\LibTIFF4.2013.vcxproj", "{EC085CBD-E9C3-477F-9A97-CB9D5DA30E27}"
EndProject
Project("{8BC9CEB8-8B4A-11D0-8D11-00A0C91BC942}") = "LibWebP", "Dependencies\FreeImage\Source\LibWebP\LibWebP.2013.vcxproj", "{097D9F6C-FD0E-4CBC-9676-009012AAECA8}"
EndProject
Project("{8BC9CEB8-8B4A-11D0-8D11-00A0C91BC942}") = "LibJXR", "Dependencies\FreeImage\Source\LibJXR\LibJXR.2013.vcxproj", "{244455E0-5F25-4451-9540-F317883E52A8}"
EndProject
Global
	GlobalSection(SolutionConfigurationPlatforms) = preSolution
		Debug|Win32 = Debug|Win32
		Debug|x64 = Debug|x64
		Debug|x86 = Debug|x86
		MinSizeRel|Win32 = MinSizeRel|Win32
		MinSizeRel|x64 = MinSizeRel|x64
		MinSizeRel|x86 = MinSizeRel|x86
		Release|Win32 = Release|Win32
		Release|x64 = Release|x64
		Release|x86 = Release|x86
		RelWithDebInfo|Win32 = RelWithDebInfo|Win32
		RelWithDebInfo|x64 = RelWithDebInfo|x64
		RelWithDebInfo|x86 = RelWithDebInfo|x86
	EndGlobalSection
	GlobalSection(ProjectConfigurationPlatforms) = postSolution
		{5299F501-F492-4E40-86FE-8D5CBD94BFA2}.Debug|Win32.ActiveCfg = Debug|Win32
		{5299F501-F492-4E40-86FE-8D5CBD94BFA2}.Debug|Win32.Build.0 = Debug|Win32
		{5299F501-F492-4E40-86FE-8D5CBD94BFA2}.Debug|x64.ActiveCfg = Debug|x64
		{5299F501-F492-4E40-86FE-8D5CBD94BFA2}.Debug|x64.Build.0 = Debug|x64
		{5299F501-F492-4E40-86FE-8D5CBD94BFA2}.Debug|x86.ActiveCfg = Debug|Win32
		{5299F501-F492-4E40-86FE-8D5CBD94BFA2}.Debug|x86.Build.0 = Debug|Win32
		{5299F501-F492-4E40-86FE-8D5CBD94BFA2}.MinSizeRel|Win32.ActiveCfg = Release|Win32
		{5299F501-F492-4E40-86FE-8D5CBD94BFA2}.MinSizeRel|Win32.Build.0 = Release|Win32
		{5299F501-F492-4E40-86FE-8D5CBD94BFA2}.MinSizeRel|x64.ActiveCfg = Release|x64
		{5299F501-F492-4E40-86FE-8D5CBD94BFA2}.MinSizeRel|x64.Build.0 = Release|x64
		{5299F501-F492-4E40-86FE-8D5CBD94BFA2}.MinSizeRel|x86.ActiveCfg = Release|Win32
		{5299F501-F492-4E40-86FE-8D5CBD94BFA2}.MinSizeRel|x86.Build.0 = Release|Win32
		{5299F501-F492-4E40-86FE-8D5CBD94BFA2}.Release|Win32.ActiveCfg = Release|Win32
		{5299F501-F492-4E40-86FE-8D5CBD94BFA2}.Release|Win32.Build.0 = Release|Win32
		{5299F501-F492-4E40-86FE-8D5CBD94BFA2}.Release|x64.ActiveCfg = Release|x64
		{5299F501-F492-4E40-86FE-8D5CBD94BFA2}.Release|x64.Build.0 = Release|x64
		{5299F501-F492-4E40-86FE-8D5CBD94BFA2}.Release|x86.ActiveCfg = Release|Win32
		{5299F501-F492-4E40-86FE-8D5CBD94BFA2}.Release|x86.Build.0 = Release|Win32
		{5299F501-F492-4E40-86FE-8D5CBD94BFA2}.RelWithDebInfo|Win32.ActiveCfg = Release|Win32
		{5299F501-F492-4E40-86FE-8D5CBD94BFA2}.RelWithDebInfo|Win32.Build.0 = Release|Win32
		{5299F501-F492-4E40-86FE-8D5CBD94BFA2}.RelWithDebInfo|x64.ActiveCfg = Release|x64
		{5299F501-F492-4E40-86FE-8D5CBD94BFA2}.RelWithDebInfo|x64.Build.0 = Release|x64
		{5299F501-F492-4E40-86FE-8D5CBD94BFA2}.RelWithDebInfo|x86.ActiveCfg = Release|Win32
		{5299F501-F492-4E40-86FE-8D5CBD94BFA2}.RelWithDebInfo|x86.Build.0 = Release|Win32
		{7220AC54-FCB7-40B4-BCF9-CECABDAA6001}.Debug|Win32.ActiveCfg = Debug|Win32
		{7220AC54-FCB7-40B4-BCF9-CECABDAA6001}.Debug|Win32.Build.0 = Debug|Win32
		{7220AC54-FCB7-40B4-BCF9-CECABDAA6001}.Debug|x64.ActiveCfg = Debug|x64
		{7220AC54-FCB7-40B4-BCF9-CECABDAA6001}.Debug|x64.Build.0 = Debug|x64
		{7220AC54-FCB7-40B4-BCF9-CECABDAA6001}.Debug|x86.ActiveCfg = Debug|Win32
		{7220AC54-FCB7-40B4-BCF9-CECABDAA6001}.Debug|x86.Build.0 = Debug|Win32
		{7220AC54-FCB7-40B4-BCF9-CECABDAA6001}.MinSizeRel|Win32.ActiveCfg = Release|Win32
		{7220AC54-FCB7-40B4-BCF9-CECABDAA6001}.MinSizeRel|Win32.Build.0 = Release|Win32
		{7220AC54-FCB7-40B4-BCF9-CECABDAA6001}.MinSizeRel|x64.ActiveCfg = Release|x64
		{7220AC54-FCB7-40B4-BCF9-CECABDAA6001}.MinSizeRel|x64.Build.0 = Release|x64
		{7220AC54-FCB7-40B4-BCF9-CECABDAA6001}.MinSizeRel|x86.ActiveCfg = Release|Win32
		{7220AC54-FCB7-40B4-BCF9-CECABDAA6001}.MinSizeRel|x86.Build.0 = Release|Win32
		{7220AC54-FCB7-40B4-BCF9-CECABDAA6001}.Release|Win32.ActiveCfg = Release|Win32
		{7220AC54-FCB7-40B4-BCF9-CECABDAA6001}.Release|Win32.Build.0 = Release|Win32
		{7220AC54-FCB7-40B4-BCF9-CECABDAA6001}.Release|x64.ActiveCfg = Release|x64
		{7220AC54-FCB7-40B4-BCF9-CECABDAA6001}.Release|x64.Build.0 = Release|x64
		{7220AC54-FCB7-40B4-BCF9-CECABDAA6001}.Release|x86.ActiveCfg = Release|Win32
		{7220AC54-FCB7-40B4-BCF9-CECABDAA6001}.Release|x86.Build.0 = Release|Win32
		{7220AC54-FCB7-40B4-BCF9-CECABDAA6001}.RelWithDebInfo|Win32.ActiveCfg = Release|Win32
		{7220AC54-FCB7-40B4-BCF9-CECABDAA6001}.RelWithDebInfo|Win32.Build.0 = Release|Win32
		{7220AC54-FCB7-40B4-BCF9-CECABDAA6001}.RelWithDebInfo|x64.ActiveCfg = Release|x64
		{7220AC54-FCB7-40B4-BCF9-CECABDAA6001}.RelWithDebInfo|x64.Build.0 = Release|x64
		{7220AC54-FCB7-40B4-BCF9-CECABDAA6001}.RelWithDebInfo|x86.ActiveCfg = Release|Win32
		{7220AC54-FCB7-40B4-BCF9-CECABDAA6001}.RelWithDebInfo|x86.Build.0 = Release|Win32
		{B39ED2B3-D53A-4077-B957-930979A3577D}.Debug|Win32.ActiveCfg = Debug|Win32
		{B39ED2B3-D53A-4077-B957-930979A3577D}.Debug|Win32.Build.0 = Debug|Win32
		{B39ED2B3-D53A-4077-B957-930979A3577D}.Debug|x64.ActiveCfg = Debug|x64
		{B39ED2B3-D53A-4077-B957-930979A3577D}.Debug|x64.Build.0 = Debug|x64
		{B39ED2B3-D53A-4077-B957-930979A3577D}.Debug|x86.ActiveCfg = Debug|Win32
		{B39ED2B3-D53A-4077-B957-930979A3577D}.Debug|x86.Build.0 = Debug|Win32
		{B39ED2B3-D53A-4077-B957-930979A3577D}.MinSizeRel|Win32.ActiveCfg = Release|Win32
		{B39ED2B3-D53A-4077-B957-930979A3577D}.MinSizeRel|Win32.Build.0 = Release|Win32
		{B39ED2B3-D53A-4077-B957-930979A3577D}.MinSizeRel|x64.ActiveCfg = Release|x64
		{B39ED2B3-D53A-4077-B957-930979A3577D}.MinSizeRel|x64.Build.0 = Release|x64
		{B39ED2B3-D53A-4077-B957-930979A3577D}.MinSizeRel|x86.ActiveCfg = Release|Win32
		{B39ED2B3-D53A-4077-B957-930979A3577D}.MinSizeRel|x86.Build.0 = Release|Win32
		{B39ED2B3-D53A-4077-B957-930979A3577D}.Release|Win32.ActiveCfg = Release|Win32
		{B39ED2B3-D53A-4077-B957-930979A3577D}.Release|Win32.Build.0 = Release|Win32
		{B39ED2B3-D53A-4077-B957-930979A3577D}.Release|x64.ActiveCfg = Release|x64
		{B39ED2B3-D53A-4077-B957-930979A3577D}.Release|x64.Build.0 = Release|x64
		{B39ED2B3-D53A-4077-B957-930979A3577D}.Release|x86.ActiveCfg = Release|Win32
		{B39ED2B3-D53A-4077-B957-930979A3577D}.Release|x86.Build.0 = Release|Win32
		{B39ED2B3-D53A-4077-B957-930979A3577D}.RelWithDebInfo|Win32.ActiveCfg = Release|Win32
		{B39ED2B3-D53A-4077-B957-930979A3577D}.RelWithDebInfo|Win32.Build.0 = Release|Win32
		{B39ED2B3-D53A-4077-B957-930979A3577D}.RelWithDebInfo|x64.ActiveCfg = Release|x64
		{B39ED2B3-D53A-4077-B957-930979A3577D}.RelWithDebInfo|x64.Build.0 = Release|x64
		{B39ED2B3-D53A-4077-B957-930979A3577D}.RelWithDebInfo|x86.ActiveCfg = Release|Win32
		{B39ED2B3-D53A-4077-B957-930979A3577D}.RelWithDebInfo|x86.Build.0 = Release|Win32
		{9E219DF2-315D-478E-8A07-8960C377CE1E}.Debug|Win32.ActiveCfg = Debug|Win32
		{9E219DF2-315D-478E-8A07-8960C377CE1E}.Debug|x64.ActiveCfg = Debug|x64
		{9E219DF2-315D-478E-8A07-8960C377CE1E}.Debug|x86.ActiveCfg = Debug|Win32
		{9E219DF2-315D-478E-8A07-8960C377CE1E}.Debug|x86.Build.0 = Debug|Win32
		{9E219DF2-315D-478E-8A07-8960C377CE1E}.MinSizeRel|Win32.ActiveCfg = Release|Win32
		{9E219DF2-315D-478E-8A07-8960C377CE1E}.MinSizeRel|Win32.Build.0 = Release|Win32
		{9E219DF2-315D-478E-8A07-8960C377CE1E}.MinSizeRel|x64.ActiveCfg = Release|x64
		{9E219DF2-315D-478E-8A07-8960C377CE1E}.MinSizeRel|x64.Build.0 = Release|x64
		{9E219DF2-315D-478E-8A07-8960C377CE1E}.MinSizeRel|x86.ActiveCfg = Release|Win32
		{9E219DF2-315D-478E-8A07-8960C377CE1E}.MinSizeRel|x86.Build.0 = Release|Win32
		{9E219DF2-315D-478E-8A07-8960C377CE1E}.Release|Win32.ActiveCfg = Release|Win32
		{9E219DF2-315D-478E-8A07-8960C377CE1E}.Release|x64.ActiveCfg = Release|x64
		{9E219DF2-315D-478E-8A07-8960C377CE1E}.Release|x86.ActiveCfg = Release|Win32
		{9E219DF2-315D-478E-8A07-8960C377CE1E}.Release|x86.Build.0 = Release|Win32
		{9E219DF2-315D-478E-8A07-8960C377CE1E}.RelWithDebInfo|Win32.ActiveCfg = Release|Win32
		{9E219DF2-315D-478E-8A07-8960C377CE1E}.RelWithDebInfo|Win32.Build.0 = Release|Win32
		{9E219DF2-315D-478E-8A07-8960C377CE1E}.RelWithDebInfo|x64.ActiveCfg = Release|x64
		{9E219DF2-315D-478E-8A07-8960C377CE1E}.RelWithDebInfo|x64.Build.0 = Release|x64
		{9E219DF2-315D-478E-8A07-8960C377CE1E}.RelWithDebInfo|x86.ActiveCfg = Release|Win32
		{9E219DF2-315D-478E-8A07-8960C377CE1E}.RelWithDebInfo|x86.Build.0 = Release|Win32
		{5E1D4E5F-E10C-4BA3-B663-F33014FD21D9}.Debug|Win32.ActiveCfg = Debug|Win32
		{5E1D4E5F-E10C-4BA3-B663-F33014FD21D9}.Debug|Win32.Build.0 = Debug|Win32
		{5E1D4E5F-E10C-4BA3-B663-F33014FD21D9}.Debug|x64.ActiveCfg = Debug|x64
		{5E1D4E5F-E10C-4BA3-B663-F33014FD21D9}.Debug|x64.Build.0 = Debug|x64
		{5E1D4E5F-E10C-4BA3-B663-F33014FD21D9}.Debug|x86.ActiveCfg = Debug|Win32
		{5E1D4E5F-E10C-4BA3-B663-F33014FD21D9}.Debug|x86.Build.0 = Debug|Win32
		{5E1D4E5F-E10C-4BA3-B663-F33014FD21D9}.MinSizeRel|Win32.ActiveCfg = Release|Win32
		{5E1D4E5F-E10C-4BA3-B663-F33014FD21D9}.MinSizeRel|Win32.Build.0 = Release|Win32
		{5E1D4E5F-E10C-4BA3-B663-F33014FD21D9}.MinSizeRel|x64.ActiveCfg = Release|x64
		{5E1D4E5F-E10C-4BA3-B663-F33014FD21D9}.MinSizeRel|x64.Build.0 = Release|x64
		{5E1D4E5F-E10C-4BA3-B663-F33014FD21D9}.MinSizeRel|x86.ActiveCfg = Release|Win32
		{5E1D4E5F-E10C-4BA3-B663-F33014FD21D9}.MinSizeRel|x86.Build.0 = Release|Win32
		{5E1D4E5F-E10C-4BA3-B663-F33014FD21D9}.Release|Win32.ActiveCfg = Release|Win32
		{5E1D4E5F-E10C-4BA3-B663-F33014FD21D9}.Release|Win32.Build.0 = Release|Win32
		{5E1D4E5F-E10C-4BA3-B663-F33014FD21D9}.Release|x64.ActiveCfg = Release|x64
		{5E1D4E5F-E10C-4BA3-B663-F33014FD21D9}.Release|x64.Build.0 = Release|x64
		{5E1D4E5F-E10C-4BA3-B663-F33014FD21D9}.Release|x86.ActiveCfg = Release|Win32
		{5E1D4E5F-E10C-4BA3-B663-F33014FD21D9}.Release|x86.Build.0 = Release|Win32
		{5E1D4E5F-E10C-4BA3-B663-F33014FD21D9}.RelWithDebInfo|Win32.ActiveCfg = Release|Win32
		{5E1D4E5F-E10C-4BA3-B663-F33014FD21D9}.RelWithDebInfo|Win32.Build.0 = Release|Win32
		{5E1D4E5F-E10C-4BA3-B663-F33014FD21D9}.RelWithDebInfo|x64.ActiveCfg = Release|x64
		{5E1D4E5F-E10C-4BA3-B663-F33014FD21D9}.RelWithDebInfo|x64.Build.0 = Release|x64
		{5E1D4E5F-E10C-4BA3-B663-F33014FD21D9}.RelWithDebInfo|x86.ActiveCfg = Release|Win32
		{5E1D4E5F-E10C-4BA3-B663-F33014FD21D9}.RelWithDebInfo|x86.Build.0 = Release|Win32
		{7DB10B50-CE00-4D7A-B322-6824F05D2FCB}.Debug|Win32.ActiveCfg = Debug|Win32
		{7DB10B50-CE00-4D7A-B322-6824F05D2FCB}.Debug|Win32.Build.0 = Debug|Win32
		{7DB10B50-CE00-4D7A-B322-6824F05D2FCB}.Debug|x64.ActiveCfg = Debug|x64
		{7DB10B50-CE00-4D7A-B322-6824F05D2FCB}.Debug|x64.Build.0 = Debug|x64
		{7DB10B50-CE00-4D7A-B322-6824F05D2FCB}.Debug|x86.ActiveCfg = Debug|Win32
		{7DB10B50-CE00-4D7A-B322-6824F05D2FCB}.Debug|x86.Build.0 = Debug|Win32
		{7DB10B50-CE00-4D7A-B322-6824F05D2FCB}.MinSizeRel|Win32.ActiveCfg = Release|Win32
		{7DB10B50-CE00-4D7A-B322-6824F05D2FCB}.MinSizeRel|Win32.Build.0 = Release|Win32
		{7DB10B50-CE00-4D7A-B322-6824F05D2FCB}.MinSizeRel|x64.ActiveCfg = Release|x64
		{7DB10B50-CE00-4D7A-B322-6824F05D2FCB}.MinSizeRel|x64.Build.0 = Release|x64
		{7DB10B50-CE00-4D7A-B322-6824F05D2FCB}.MinSizeRel|x86.ActiveCfg = Release|Win32
		{7DB10B50-CE00-4D7A-B322-6824F05D2FCB}.MinSizeRel|x86.Build.0 = Release|Win32
		{7DB10B50-CE00-4D7A-B322-6824F05D2FCB}.Release|Win32.ActiveCfg = Release|Win32
		{7DB10B50-CE00-4D7A-B322-6824F05D2FCB}.Release|Win32.Build.0 = Release|Win32
		{7DB10B50-CE00-4D7A-B322-6824F05D2FCB}.Release|x64.ActiveCfg = Release|x64
		{7DB10B50-CE00-4D7A-B322-6824F05D2FCB}.Release|x64.Build.0 = Release|x64
		{7DB10B50-CE00-4D7A-B322-6824F05D2FCB}.Release|x86.ActiveCfg = Release|Win32
		{7DB10B50-CE00-4D7A-B322-6824F05D2FCB}.Release|x86.Build.0 = Release|Win32
		{7DB10B50-CE00-4D7A-B322-6824F05D2FCB}.RelWithDebInfo|Win32.ActiveCfg = Release|Win32
		{7DB10B50-CE00-4D7A-B322-6824F05D2FCB}.RelWithDebInfo|Win32.Build.0 = Release|Win32
		{7DB10B50-CE00-4D7A-B322-6824F05D2FCB}.RelWithDebInfo|x64.ActiveCfg = Release|x64
		{7DB10B50-CE00-4D7A-B322-6824F05D2FCB}.RelWithDebInfo|x64.Build.0 = Release|x64
		{7DB10B50-CE00-4D7A-B322-6824F05D2FCB}.RelWithDebInfo|x86.ActiveCfg = Release|Win32
		{7DB10B50-CE00-4D7A-B322-6824F05D2FCB}.RelWithDebInfo|x86.Build.0 = Release|Win32
		{33134F61-C1AD-4B6F-9CEA-503A9F140C52}.Debug|Win32.ActiveCfg = Debug|Win32
		{33134F61-C1AD-4B6F-9CEA-503A9F140C52}.Debug|Win32.Build.0 = Debug|Win32
		{33134F61-C1AD-4B6F-9CEA-503A9F140C52}.Debug|x64.ActiveCfg = Debug|x64
		{33134F61-C1AD-4B6F-9CEA-503A9F140C52}.Debug|x64.Build.0 = Debug|x64
		{33134F61-C1AD-4B6F-9CEA-503A9F140C52}.Debug|x86.ActiveCfg = Debug|Win32
		{33134F61-C1AD-4B6F-9CEA-503A9F140C52}.Debug|x86.Build.0 = Debug|Win32
		{33134F61-C1AD-4B6F-9CEA-503A9F140C52}.MinSizeRel|Win32.ActiveCfg = Release|Win32
		{33134F61-C1AD-4B6F-9CEA-503A9F140C52}.MinSizeRel|Win32.Build.0 = Release|Win32
		{33134F61-C1AD-4B6F-9CEA-503A9F140C52}.MinSizeRel|x64.ActiveCfg = Release|x64
		{33134F61-C1AD-4B6F-9CEA-503A9F140C52}.MinSizeRel|x64.Build.0 = Release|x64
		{33134F61-C1AD-4B6F-9CEA-503A9F140C52}.MinSizeRel|x86.ActiveCfg = Release|Win32
		{33134F61-C1AD-4B6F-9CEA-503A9F140C52}.MinSizeRel|x86.Build.0 = Release|Win32
		{33134F61-C1AD-4B6F-9CEA-503A9F140C52}.Release|Win32.ActiveCfg = Release|Win32
		{33134F61-C1AD-4B6F-9CEA-503A9F140C52}.Release|Win32.Build.0 = Release|Win32
		{33134F61-C1AD-4B6F-9CEA-503A9F140C52}.Release|x64.ActiveCfg = Release|x64
		{33134F61-C1AD-4B6F-9CEA-503A9F140C52}.Release|x64.Build.0 = Release|x64
		{33134F61-C1AD-4B6F-9CEA-503A9F140C52}.Release|x86.ActiveCfg = Release|Win32
		{33134F61-C1AD-4B6F-9CEA-503A9F140C52}.Release|x86.Build.0 = Release|Win32
		{33134F61-C1AD-4B6F-9CEA-503A9F140C52}.RelWithDebInfo|Win32.ActiveCfg = Release|Win32
		{33134F61-C1AD-4B6F-9CEA-503A9F140C52}.RelWithDebInfo|Win32.Build.0 = Release|Win32
		{33134F61-C1AD-4B6F-9CEA-503A9F140C52}.RelWithDebInfo|x64.ActiveCfg = Release|x64
		{33134F61-C1AD-4B6F-9CEA-503A9F140C52}.RelWithDebInfo|x64.Build.0 = Release|x64
		{33134F61-C1AD-4B6F-9CEA-503A9F140C52}.RelWithDebInfo|x86.ActiveCfg = Release|Win32
		{33134F61-C1AD-4B6F-9CEA-503A9F140C52}.RelWithDebInfo|x86.Build.0 = Release|Win32
		{17A4874B-0606-4687-90B6-F91F8CB3B8AF}.Debug|Win32.ActiveCfg = Debug|Win32
		{17A4874B-0606-4687-90B6-F91F8CB3B8AF}.Debug|Win32.Build.0 = Debug|Win32
		{17A4874B-0606-4687-90B6-F91F8CB3B8AF}.Debug|x64.ActiveCfg = Debug|x64
		{17A4874B-0606-4687-90B6-F91F8CB3B8AF}.Debug|x64.Build.0 = Debug|x64
		{17A4874B-0606-4687-90B6-F91F8CB3B8AF}.Debug|x86.ActiveCfg = Debug|Win32
		{17A4874B-0606-4687-90B6-F91F8CB3B8AF}.Debug|x86.Build.0 = Debug|Win32
		{17A4874B-0606-4687-90B6-F91F8CB3B8AF}.MinSizeRel|Win32.ActiveCfg = Release|Win32
		{17A4874B-0606-4687-90B6-F91F8CB3B8AF}.MinSizeRel|Win32.Build.0 = Release|Win32
		{17A4874B-0606-4687-90B6-F91F8CB3B8AF}.MinSizeRel|x64.ActiveCfg = Release|x64
		{17A4874B-0606-4687-90B6-F91F8CB3B8AF}.MinSizeRel|x64.Build.0 = Release|x64
		{17A4874B-0606-4687-90B6-F91F8CB3B8AF}.MinSizeRel|x86.ActiveCfg = Release|Win32
		{17A4874B-0606-4687-90B6-F91F8CB3B8AF}.MinSizeRel|x86.Build.0 = Release|Win32
		{17A4874B-0606-4687-90B6-F91F8CB3B8AF}.Release|Win32.ActiveCfg = Release|Win32
		{17A4874B-0606-4687-90B6-F91F8CB3B8AF}.Release|Win32.Build.0 = Release|Win32
		{17A4874B-0606-4687-90B6-F91F8CB3B8AF}.Release|x64.ActiveCfg = Release|x64
		{17A4874B-0606-4687-90B6-F91F8CB3B8AF}.Release|x64.Build.0 = Release|x64
		{17A4874B-0606-4687-90B6-F91F8CB3B8AF}.Release|x86.ActiveCfg = Release|Win32
		{17A4874B-0606-4687-90B6-F91F8CB3B8AF}.Release|x86.Build.0 = Release|Win32
		{17A4874B-0606-4687-90B6-F91F8CB3B8AF}.RelWithDebInfo|Win32.ActiveCfg = Release|Win32
		{17A4874B-0606-4687-90B6-F91F8CB3B8AF}.RelWithDebInfo|Win32.Build.0 = Release|Win32
		{17A4874B-0606-4687-90B6-F91F8CB3B8AF}.RelWithDebInfo|x64.ActiveCfg = Release|x64
		{17A4874B-0606-4687-90B6-F91F8CB3B8AF}.RelWithDebInfo|x64.Build.0 = Release|x64
		{17A4874B-0606-4687-90B6-F91F8CB3B8AF}.RelWithDebInfo|x86.ActiveCfg = Release|Win32
		{17A4874B-0606-4687-90B6-F91F8CB3B8AF}.RelWithDebInfo|x86.Build.0 = Release|Win32
		{E3536C28-A7F1-4B53-8E52-7D2232F9E098}.Debug|Win32.ActiveCfg = Debug|Win32
		{E3536C28-A7F1-4B53-8E52-7D2232F9E098}.Debug|Win32.Build.0 = Debug|Win32
		{E3536C28-A7F1-4B53-8E52-7D2232F9E098}.Debug|x64.ActiveCfg = Debug|x64
		{E3536C28-A7F1-4B53-8E52-7D2232F9E098}.Debug|x64.Build.0 = Debug|x64
		{E3536C28-A7F1-4B53-8E52-7D2232F9E098}.Debug|x86.ActiveCfg = Debug|Win32
		{E3536C28-A7F1-4B53-8E52-7D2232F9E098}.Debug|x86.Build.0 = Debug|Win32
		{E3536C28-A7F1-4B53-8E52-7D2232F9E098}.MinSizeRel|Win32.ActiveCfg = Release|Win32
		{E3536C28-A7F1-4B53-8E52-7D2232F9E098}.MinSizeRel|Win32.Build.0 = Release|Win32
		{E3536C28-A7F1-4B53-8E52-7D2232F9E098}.MinSizeRel|x64.ActiveCfg = Release|x64
		{E3536C28-A7F1-4B53-8E52-7D2232F9E098}.MinSizeRel|x64.Build.0 = Release|x64
		{E3536C28-A7F1-4B53-8E52-7D2232F9E098}.MinSizeRel|x86.ActiveCfg = Release|Win32
		{E3536C28-A7F1-4B53-8E52-7D2232F9E098}.MinSizeRel|x86.Build.0 = Release|Win32
		{E3536C28-A7F1-4B53-8E52-7D2232F9E098}.Release|Win32.ActiveCfg = Release|Win32
		{E3536C28-A7F1-4B53-8E52-7D2232F9E098}.Release|Win32.Build.0 = Release|Win32
		{E3536C28-A7F1-4B53-8E52-7D2232F9E098}.Release|x64.ActiveCfg = Release|x64
		{E3536C28-A7F1-4B53-8E52-7D2232F9E098}.Release|x64.Build.0 = Release|x64
		{E3536C28-A7F1-4B53-8E52-7D2232F9E098}.Release|x86.ActiveCfg = Release|Win32
		{E3536C28-A7F1-4B53-8E52-7D2232F9E098}.Release|x86.Build.0 = Release|Win32
		{E3536C28-A7F1-4B53-8E52-7D2232F9E098}.RelWithDebInfo|Win32.ActiveCfg = Release|Win32
		{E3536C28-A7F1-4B53-8E52-7D2232F9E098}.RelWithDebInfo|Win32.Build.0 = Release|Win32
		{E3536C28-A7F1-4B53-8E52-7D2232F9E098}.RelWithDebInfo|x64.ActiveCfg = Release|x64
		{E3536C28-A7F1-4B53-8E52-7D2232F9E098}.RelWithDebInfo|x64.Build.0 = Release|x64
		{E3536C28-A7F1-4B53-8E52-7D2232F9E098}.RelWithDebInfo|x86.ActiveCfg = Release|Win32
		{E3536C28-A7F1-4B53-8E52-7D2232F9E098}.RelWithDebInfo|x86.Build.0 = Release|Win32
		{07F662C1-1323-42AB-B6AF-FBFD34A7437A}.Debug|Win32.ActiveCfg = Debug|Win32
		{07F662C1-1323-42AB-B6AF-FBFD34A7437A}.Debug|Win32.Build.0 = Debug|Win32
		{07F662C1-1323-42AB-B6AF-FBFD34A7437A}.Debug|x64.ActiveCfg = Debug|x64
		{07F662C1-1323-42AB-B6AF-FBFD34A7437A}.Debug|x64.Build.0 = Debug|x64
		{07F662C1-1323-42AB-B6AF-FBFD34A7437A}.Debug|x86.ActiveCfg = Debug|Win32
		{07F662C1-1323-42AB-B6AF-FBFD34A7437A}.Debug|x86.Build.0 = Debug|Win32
		{07F662C1-1323-42AB-B6AF-FBFD34A7437A}.MinSizeRel|Win32.ActiveCfg = Release|Win32
		{07F662C1-1323-42AB-B6AF-FBFD34A7437A}.MinSizeRel|Win32.Build.0 = Release|Win32
		{07F662C1-1323-42AB-B6AF-FBFD34A7437A}.MinSizeRel|x64.ActiveCfg = Release|x64
		{07F662C1-1323-42AB-B6AF-FBFD34A7437A}.MinSizeRel|x64.Build.0 = Release|x64
		{07F662C1-1323-42AB-B6AF-FBFD34A7437A}.MinSizeRel|x86.ActiveCfg = Release|Win32
		{07F662C1-1323-42AB-B6AF-FBFD34A7437A}.MinSizeRel|x86.Build.0 = Release|Win32
		{07F662C1-1323-42AB-B6AF-FBFD34A7437A}.Release|Win32.ActiveCfg = Release|Win32
		{07F662C1-1323-42AB-B6AF-FBFD34A7437A}.Release|Win32.Build.0 = Release|Win32
		{07F662C1-1323-42AB-B6AF-FBFD34A7437A}.Release|x64.ActiveCfg = Release|x64
		{07F662C1-1323-42AB-B6AF-FBFD34A7437A}.Release|x64.Build.0 = Release|x64
		{07F662C1-1323-42AB-B6AF-FBFD34A7437A}.Release|x86.ActiveCfg = Release|Win32
		{07F662C1-1323-42AB-B6AF-FBFD34A7437A}.Release|x86.Build.0 = Release|Win32
		{07F662C1-1323-42AB-B6AF-FBFD34A7437A}.RelWithDebInfo|Win32.ActiveCfg = Release|Win32
		{07F662C1-1323-42AB-B6AF-FBFD34A7437A}.RelWithDebInfo|Win32.Build.0 = Release|Win32
		{07F662C1-1323-42AB-B6AF-FBFD34A7437A}.RelWithDebInfo|x64.ActiveCfg = Release|x64
		{07F662C1-1323-42AB-B6AF-FBFD34A7437A}.RelWithDebInfo|x64.Build.0 = Release|x64
		{07F662C1-1323-42AB-B6AF-FBFD34A7437A}.RelWithDebInfo|x86.ActiveCfg = Release|Win32
		{07F662C1-1323-42AB-B6AF-FBFD34A7437A}.RelWithDebInfo|x86.Build.0 = Release|Win32
		{EC085CBD-E9C3-477F-9A97-CB9D5DA30E27}.Debug|Win32.ActiveCfg = Debug|Win32
		{EC085CBD-E9C3-477F-9A97-CB9D5DA30E27}.Debug|Win32.Build.0 = Debug|Win32
		{EC085CBD-E9C3-477F-9A97-CB9D5DA30E27}.Debug|x64.ActiveCfg = Debug|x64
		{EC085CBD-E9C3-477F-9A97-CB9D5DA30E27}.Debug|x64.Build.0 = Debug|x64
		{EC085CBD-E9C3-477F-9A97-CB9D5DA30E27}.Debug|x86.ActiveCfg = Debug|Win32
		{EC085CBD-E9C3-477F-9A97-CB9D5DA30E27}.Debug|x86.Build.0 = Debug|Win32
		{EC085CBD-E9C3-477F-9A97-CB9D5DA30E27}.MinSizeRel|Win32.ActiveCfg = Release|Win32
		{EC085CBD-E9C3-477F-9A97-CB9D5DA30E27}.MinSizeRel|Win32.Build.0 = Release|Win32
		{EC085CBD-E9C3-477F-9A97-CB9D5DA30E27}.MinSizeRel|x64.ActiveCfg = Release|x64
		{EC085CBD-E9C3-477F-9A97-CB9D5DA30E27}.MinSizeRel|x64.Build.0 = Release|x64
		{EC085CBD-E9C3-477F-9A97-CB9D5DA30E27}.MinSizeRel|x86.ActiveCfg = Release|Win32
		{EC085CBD-E9C3-477F-9A97-CB9D5DA30E27}.MinSizeRel|x86.Build.0 = Release|Win32
		{EC085CBD-E9C3-477F-9A97-CB9D5DA30E27}.Release|Win32.ActiveCfg = Release|Win32
		{EC085CBD-E9C3-477F-9A97-CB9D5DA30E27}.Release|Win32.Build.0 = Release|Win32
		{EC085CBD-E9C3-477F-9A97-CB9D5DA30E27}.Release|x64.ActiveCfg = Release|x64
		{EC085CBD-E9C3-477F-9A97-CB9D5DA30E27}.Release|x64.Build.0 = Release|x64
		{EC085CBD-E9C3-477F-9A97-CB9D5DA30E27}.Release|x86.ActiveCfg = Release|Win32
		{EC085CBD-E9C3-477F-9A97-CB9D5DA30E27}.Release|x86.Build.0 = Release|Win32
		{EC085CBD-E9C3-477F-9A97-CB9D5DA30E27}.RelWithDebInfo|Win32.ActiveCfg = Release|Win32
		{EC085CBD-E9C3-477F-9A97-CB9D5DA30E27}.RelWithDebInfo|Win32.Build.0 = Release|Win32
		{EC085CBD-E9C3-477F-9A97-CB9D5DA30E27}.RelWithDebInfo|x64.ActiveCfg = Release|x64
		{EC085CBD-E9C3-477F-9A97-CB9D5DA30E27}.RelWithDebInfo|x64.Build.0 = Release|x64
		{EC085CBD-E9C3-477F-9A97-CB9D5DA30E27}.RelWithDebInfo|x86.ActiveCfg = Release|Win32
		{EC085CBD-E9C3-477F-9A97-CB9D5DA30E27}.RelWithDebInfo|x86.Build.0 = Release|Win32
		{097D9F6C-FD0E-4CBC-9676-009012AAECA8}.Debug|Win32.ActiveCfg = Debug|Win32
		{097D9F6C-FD0E-4CBC-9676-009012AAECA8}.Debug|Win32.Build.0 = Debug|Win32
		{097D9F6C-FD0E-4CBC-9676-009012AAECA8}.Debug|x64.ActiveCfg = Debug|x64
		{097D9F6C-FD0E-4CBC-9676-009012AAECA8}.Debug|x64.Build.0 = Debug|x64
		{097D9F6C-FD0E-4CBC-9676-009012AAECA8}.Debug|x86.ActiveCfg = Debug|Win32
		{097D9F6C-FD0E-4CBC-9676-009012AAECA8}.Debug|x86.Build.0 = Debug|Win32
		{097D9F6C-FD0E-4CBC-9676-009012AAECA8}.MinSizeRel|Win32.ActiveCfg = Release|Win32
		{097D9F6C-FD0E-4CBC-9676-009012AAECA8}.MinSizeRel|Win32.Build.0 = Release|Win32
		{097D9F6C-FD0E-4CBC-9676-009012AAECA8}.MinSizeRel|x64.ActiveCfg = Release|x64
		{097D9F6C-FD0E-4CBC-9676-009012AAECA8}.MinSizeRel|x64.Build.0 = Release|x64
		{097D9F6C-FD0E-4CBC-9676-009012AAECA8}.MinSizeRel|x86.ActiveCfg = Release|Win32
		{097D9F6C-FD0E-4CBC-9676-009012AAECA8}.MinSizeRel|x86.Build.0 = Release|Win32
		{097D9F6C-FD0E-4CBC-9676-009012AAECA8}.Release|Win32.ActiveCfg = Release|Win32
		{097D9F6C-FD0E-4CBC-9676-009012AAECA8}.Release|Win32.Build.0 = Release|Win32
		{097D9F6C-FD0E-4CBC-9676-009012AAECA8}.Release|x64.ActiveCfg = Release|x64
		{097D9F6C-FD0E-4CBC-9676-009012AAECA8}.Release|x64.Build.0 = Release|x64
		{097D9F6C-FD0E-4CBC-9676-009012AAECA8}.Release|x86.ActiveCfg = Release|Win32
		{097D9F6C-FD0E-4CBC-9676-009012AAECA8}.Release|x86.Build.0 = Release|Win32
		{097D9F6C-FD0E-4CBC-9676-009012AAECA8}.RelWithDebInfo|Win32.ActiveCfg = Release|Win32
		{097D9F6C-FD0E-4CBC-9676-009012AAECA8}.RelWithDebInfo|Win32.Build.0 = Release|Win32
		{097D9F6C-FD0E-4CBC-9676-009012AAECA8}.RelWithDebInfo|x64.ActiveCfg = Release|x64
		{097D9F6C-FD0E-4CBC-9676-009012AAECA8}.RelWithDebInfo|x64.Build.0 = Release|x64
		{097D9F6C-FD0E-4CBC-9676-009012AAECA8}.RelWithDebInfo|x86.ActiveCfg = Release|Win32
		{097D9F6C-FD0E-4CBC-9676-009012AAECA8}.RelWithDebInfo|x86.Build.0 = Release|Win32
		{244455E0-5F25-4451-9540-F317883E52A8}.Debug|Win32.ActiveCfg = Debug|Win32
		{244455E0-5F25-4451-9540-F317883E52A8}.Debug|Win32.Build.0 = Debug|Win32
		{244455E0-5F25-4451-9540-F317883E52A8}.Debug|x64.ActiveCfg = Debug|x64
		{244455E0-5F25-4451-9540-F317883E52A8}.Debug|x64.Build.0 = Debug|x64
		{244455E0-5F25-4451-9540-F317883E52A8}.Debug|x86.ActiveCfg = Debug|Win32
		{244455E0-5F25-4451-9540-F317883E52A8}.Debug|x86.Build.0 = Debug|Win32
		{244455E0-5F25-4451-9540-F317883E52A8}.MinSizeRel|Win32.ActiveCfg = Release|Win32
		{244455E0-5F25-4451-9540-F317883E52A8}.MinSizeRel|Win32.Build.0 = Release|Win32
		{244455E0-5F25-4451-9540-F317883E52A8}.MinSizeRel|x64.ActiveCfg = Release|x64
		{244455E0-5F25-4451-9540-F317883E52A8}.MinSizeRel|x64.Build.0 = Release|x64
		{244455E0-5F25-4451-9540-F317883E52A8}.MinSizeRel|x86.ActiveCfg = Release|Win32
		{244455E0-5F25-4451-9540-F317883E52A8}.MinSizeRel|x86.Build.0 = Release|Win32
		{244455E0-5F25-4451-9540-F317883E52A8}.Release|Win32.ActiveCfg = Release|Win32
		{244455E0-5F25-4451-9540-F317883E52A8}.Release|Win32.Build.0 = Release|Win32
		{244455E0-5F25-4451-9540-F317883E52A8}.Release|x64.ActiveCfg = Release|x64
		{244455E0-5F25-4451-9540-F317883E52A8}.Release|x64.Build.0 = Release|x64
		{244455E0-5F25-4451-9540-F317883E52A8}.Release|x86.ActiveCfg = Release|Win32
		{244455E0-5F25-4451-9540-F317883E52A8}.Release|x86.Build.0 = Release|Win32
		{244455E0-5F25-4451-9540-F317883E52A8}.RelWithDebInfo|Win32.ActiveCfg = Release|Win32
		{244455E0-5F25-4451-9540-F317883E52A8}.RelWithDebInfo|Win32.Build.0 = Release|Win32
		{244455E0-5F25-4451-9540-F317883E52A8}.RelWithDebInfo|x64.ActiveCfg = Release|x64
		{244455E0-5F25-4451-9540-F317883E52A8}.RelWithDebInfo|x64.Build.0 = Release|x64
		{244455E0-5F25-4451-9540-F317883E52A8}.RelWithDebInfo|x86.ActiveCfg = Release|Win32
		{244455E0-5F25-4451-9540-F317883E52A8}.RelWithDebInfo|x86.Build.0 = Release|Win32
	EndGlobalSection
	GlobalSection(SolutionProperties) = preSolution
		HideSolutionNode = FALSE
	EndGlobalSection
	GlobalSection(NestedProjects) = preSolution
		{385882EF-F3E8-4DB8-AAC5-18D39D708B36} = {A7BD52AB-0F26-4CA8-B69B-D3D4BE790CE1}
		{6D2F2442-76BE-416D-BDF2-DBA11B355D18} = {385882EF-F3E8-4DB8-AAC5-18D39D708B36}
		{8D28F3E8-DC2F-4B7F-BC3A-323A91E77ED5} = {385882EF-F3E8-4DB8-AAC5-18D39D708B36}
		{0FAB7B25-6A05-46EF-BB43-E0536BDAC904} = {A7BD52AB-0F26-4CA8-B69B-D3D4BE790CE1}
		{6AA5B673-8AC2-4D15-992A-D32BBFDE2109} = {0FAB7B25-6A05-46EF-BB43-E0536BDAC904}
		{33F94F7B-29EB-4F50-9767-9192F8F36918} = {6AA5B673-8AC2-4D15-992A-D32BBFDE2109}
		{9E67BC45-BEA3-4F11-9618-9BFF14280AF8} = {0FAB7B25-6A05-46EF-BB43-E0536BDAC904}
		{2C9AF58A-116E-43D5-8558-867FE6C9A256} = {A7BD52AB-0F26-4CA8-B69B-D3D4BE790CE1}
		{B22EA82A-75DC-4FBA-8BB4-17EDF66CDB16} = {2C9AF58A-116E-43D5-8558-867FE6C9A256}
		{C9F3AE5A-D016-474E-8180-EF513A8DAF1C} = {2C9AF58A-116E-43D5-8558-867FE6C9A256}
		{95BBB422-01B6-4578-B8D8-D5013BC1867C} = {C9F3AE5A-D016-474E-8180-EF513A8DAF1C}
		{4C67A5AF-671A-4957-A417-5A9FB85188E8} = {A7BD52AB-0F26-4CA8-B69B-D3D4BE790CE1}
		{B39ED2B3-D53A-4077-B957-930979A3577D} = {4C67A5AF-671A-4957-A417-5A9FB85188E8}
		{9E219DF2-315D-478E-8A07-8960C377CE1E} = {4C67A5AF-671A-4957-A417-5A9FB85188E8}
		{5E1D4E5F-E10C-4BA3-B663-F33014FD21D9} = {4C67A5AF-671A-4957-A417-5A9FB85188E8}
		{7DB10B50-CE00-4D7A-B322-6824F05D2FCB} = {4C67A5AF-671A-4957-A417-5A9FB85188E8}
		{33134F61-C1AD-4B6F-9CEA-503A9F140C52} = {4C67A5AF-671A-4957-A417-5A9FB85188E8}
		{17A4874B-0606-4687-90B6-F91F8CB3B8AF} = {4C67A5AF-671A-4957-A417-5A9FB85188E8}
		{E3536C28-A7F1-4B53-8E52-7D2232F9E098} = {4C67A5AF-671A-4957-A417-5A9FB85188E8}
		{07F662C1-1323-42AB-B6AF-FBFD34A7437A} = {4C67A5AF-671A-4957-A417-5A9FB85188E8}
		{EC085CBD-E9C3-477F-9A97-CB9D5DA30E27} = {4C67A5AF-671A-4957-A417-5A9FB85188E8}
		{097D9F6C-FD0E-4CBC-9676-009012AAECA8} = {4C67A5AF-671A-4957-A417-5A9FB85188E8}
		{244455E0-5F25-4451-9540-F317883E52A8} = {4C67A5AF-671A-4957-A417-5A9FB85188E8}
	EndGlobalSection
EndGlobal
