
Microsoft Visual Studio Solution File, Format Version 12.00
# Visual Studio 14
VisualStudioVersion = 14.0.25123.0
MinimumVisualStudioVersion = 10.0.40219.1
Project("{2150E333-8FDC-42A3-9474-1A3956D46DE8}") = "Dependencies", "Dependencies", "{A7BD52AB-0F26-4CA8-B69B-D3D4BE790CE1}"
EndProject
Project("{8BC9CEB8-8B4A-11D0-8D11-00A0C91BC942}") = "Sandbox", "Sandbox\Sandbox.vcxproj", "{5299F501-F492-4E40-86FE-8D5CBD94BFA2}"
EndProject
Project("{8BC9CEB8-8B4A-11D0-8D11-00A0C91BC942}") = "Bipolar-core", "Bipolar-core\Bipolar-core.vcxproj", "{7220AC54-FCB7-40B4-BCF9-CECABDAA6001}"
EndProject
Project("{2150E333-8FDC-42A3-9474-1A3956D46DE8}") = "glfw", "glfw", "{385882EF-F3E8-4DB8-AAC5-18D39D708B36}"
EndProject
Project("{2150E333-8FDC-42A3-9474-1A3956D46DE8}") = "include", "include", "{6D2F2442-76BE-416D-BDF2-DBA11B355D18}"
	ProjectSection(SolutionItems) = preProject
		Dependencies\glfw\include\glfw3.h = Dependencies\glfw\include\glfw3.h
		Dependencies\glfw\include\glfw3native.h = Dependencies\glfw\include\glfw3native.h
	EndProjectSection
EndProject
Project("{2150E333-8FDC-42A3-9474-1A3956D46DE8}") = "lib", "lib", "{8D28F3E8-DC2F-4B7F-BC3A-323A91E77ED5}"
	ProjectSection(SolutionItems) = preProject
		Dependencies\glfw\lib\glfw3.lib = Dependencies\glfw\lib\glfw3.lib
	EndProjectSection
EndProject
Project("{2150E333-8FDC-42A3-9474-1A3956D46DE8}") = "glew", "glew", "{0FAB7B25-6A05-46EF-BB43-E0536BDAC904}"
EndProject
Project("{2150E333-8FDC-42A3-9474-1A3956D46DE8}") = "include", "include", "{6AA5B673-8AC2-4D15-992A-D32BBFDE2109}"
EndProject
Project("{2150E333-8FDC-42A3-9474-1A3956D46DE8}") = "GL", "GL", "{33F94F7B-29EB-4F50-9767-9192F8F36918}"
	ProjectSection(SolutionItems) = preProject
		Dependencies\glew\include\GL\glew.h = Dependencies\glew\include\GL\glew.h
		Dependencies\glew\include\GL\glxew.h = Dependencies\glew\include\GL\glxew.h
		Dependencies\glew\include\GL\wglew.h = Dependencies\glew\include\GL\wglew.h
	EndProjectSection
EndProject
Project("{2150E333-8FDC-42A3-9474-1A3956D46DE8}") = "lib", "lib", "{9E67BC45-BEA3-4F11-9618-9BFF14280AF8}"
	ProjectSection(SolutionItems) = preProject
		Dependencies\glew\lib\glew32s.lib = Dependencies\glew\lib\glew32s.lib
	EndProjectSection
EndProject
Global
	GlobalSection(SolutionConfigurationPlatforms) = preSolution
		Debug|x64 = Debug|x64
		Debug|x86 = Debug|x86
		MinSizeRel|x64 = MinSizeRel|x64
		MinSizeRel|x86 = MinSizeRel|x86
		Release|x64 = Release|x64
		Release|x86 = Release|x86
		RelWithDebInfo|x64 = RelWithDebInfo|x64
		RelWithDebInfo|x86 = RelWithDebInfo|x86
	EndGlobalSection
	GlobalSection(ProjectConfigurationPlatforms) = postSolution
		{5299F501-F492-4E40-86FE-8D5CBD94BFA2}.Debug|x64.ActiveCfg = Debug|x64
		{5299F501-F492-4E40-86FE-8D5CBD94BFA2}.Debug|x64.Build.0 = Debug|x64
		{5299F501-F492-4E40-86FE-8D5CBD94BFA2}.Debug|x86.ActiveCfg = Debug|Win32
		{5299F501-F492-4E40-86FE-8D5CBD94BFA2}.Debug|x86.Build.0 = Debug|Win32
		{5299F501-F492-4E40-86FE-8D5CBD94BFA2}.MinSizeRel|x64.ActiveCfg = Release|x64
		{5299F501-F492-4E40-86FE-8D5CBD94BFA2}.MinSizeRel|x64.Build.0 = Release|x64
		{5299F501-F492-4E40-86FE-8D5CBD94BFA2}.MinSizeRel|x86.ActiveCfg = Release|Win32
		{5299F501-F492-4E40-86FE-8D5CBD94BFA2}.MinSizeRel|x86.Build.0 = Release|Win32
		{5299F501-F492-4E40-86FE-8D5CBD94BFA2}.Release|x64.ActiveCfg = Release|x64
		{5299F501-F492-4E40-86FE-8D5CBD94BFA2}.Release|x64.Build.0 = Release|x64
		{5299F501-F492-4E40-86FE-8D5CBD94BFA2}.Release|x86.ActiveCfg = Release|Win32
		{5299F501-F492-4E40-86FE-8D5CBD94BFA2}.Release|x86.Build.0 = Release|Win32
		{5299F501-F492-4E40-86FE-8D5CBD94BFA2}.RelWithDebInfo|x64.ActiveCfg = Release|x64
		{5299F501-F492-4E40-86FE-8D5CBD94BFA2}.RelWithDebInfo|x64.Build.0 = Release|x64
		{5299F501-F492-4E40-86FE-8D5CBD94BFA2}.RelWithDebInfo|x86.ActiveCfg = Release|Win32
		{5299F501-F492-4E40-86FE-8D5CBD94BFA2}.RelWithDebInfo|x86.Build.0 = Release|Win32
		{7220AC54-FCB7-40B4-BCF9-CECABDAA6001}.Debug|x64.ActiveCfg = Debug|x64
		{7220AC54-FCB7-40B4-BCF9-CECABDAA6001}.Debug|x64.Build.0 = Debug|x64
		{7220AC54-FCB7-40B4-BCF9-CECABDAA6001}.Debug|x86.ActiveCfg = Debug|Win32
		{7220AC54-FCB7-40B4-BCF9-CECABDAA6001}.Debug|x86.Build.0 = Debug|Win32
		{7220AC54-FCB7-40B4-BCF9-CECABDAA6001}.MinSizeRel|x64.ActiveCfg = Release|x64
		{7220AC54-FCB7-40B4-BCF9-CECABDAA6001}.MinSizeRel|x64.Build.0 = Release|x64
		{7220AC54-FCB7-40B4-BCF9-CECABDAA6001}.MinSizeRel|x86.ActiveCfg = Release|Win32
		{7220AC54-FCB7-40B4-BCF9-CECABDAA6001}.MinSizeRel|x86.Build.0 = Release|Win32
		{7220AC54-FCB7-40B4-BCF9-CECABDAA6001}.Release|x64.ActiveCfg = Release|x64
		{7220AC54-FCB7-40B4-BCF9-CECABDAA6001}.Release|x64.Build.0 = Release|x64
		{7220AC54-FCB7-40B4-BCF9-CECABDAA6001}.Release|x86.ActiveCfg = Release|Win32
		{7220AC54-FCB7-40B4-BCF9-CECABDAA6001}.Release|x86.Build.0 = Release|Win32
		{7220AC54-FCB7-40B4-BCF9-CECABDAA6001}.RelWithDebInfo|x64.ActiveCfg = Release|x64
		{7220AC54-FCB7-40B4-BCF9-CECABDAA6001}.RelWithDebInfo|x64.Build.0 = Release|x64
		{7220AC54-FCB7-40B4-BCF9-CECABDAA6001}.RelWithDebInfo|x86.ActiveCfg = Release|Win32
		{7220AC54-FCB7-40B4-BCF9-CECABDAA6001}.RelWithDebInfo|x86.Build.0 = Release|Win32
	EndGlobalSection
	GlobalSection(SolutionProperties) = preSolution
		HideSolutionNode = FALSE
	EndGlobalSection
	GlobalSection(NestedProjects) = preSolution
		{385882EF-F3E8-4DB8-AAC5-18D39D708B36} = {A7BD52AB-0F26-4CA8-B69B-D3D4BE790CE1}
		{6D2F2442-76BE-416D-BDF2-DBA11B355D18} = {385882EF-F3E8-4DB8-AAC5-18D39D708B36}
		{8D28F3E8-DC2F-4B7F-BC3A-323A91E77ED5} = {385882EF-F3E8-4DB8-AAC5-18D39D708B36}
		{0FAB7B25-6A05-46EF-BB43-E0536BDAC904} = {A7BD52AB-0F26-4CA8-B69B-D3D4BE790CE1}
		{6AA5B673-8AC2-4D15-992A-D32BBFDE2109} = {0FAB7B25-6A05-46EF-BB43-E0536BDAC904}
		{33F94F7B-29EB-4F50-9767-9192F8F36918} = {6AA5B673-8AC2-4D15-992A-D32BBFDE2109}
		{9E67BC45-BEA3-4F11-9618-9BFF14280AF8} = {0FAB7B25-6A05-46EF-BB43-E0536BDAC904}
	EndGlobalSection
EndGlobal
